// !$*UTF8*$!
{
	archiveVersion = 1;
	classes = {
	};
	objectVersion = 55;
	objects = {

/* Begin PBXBuildFile section */
		1EAF0BDF284390A500CEDBA3 /* Snapshot.docc in Sources */ = {isa = PBXBuildFile; fileRef = 1EAF0BDE284390A500CEDBA3 /* Snapshot.docc */; };
		1EAF0BE5284390A500CEDBA3 /* Snapshot.framework in Frameworks */ = {isa = PBXBuildFile; fileRef = 1EAF0BDA284390A500CEDBA3 /* Snapshot.framework */; };
		1EAF0BEA284390A500CEDBA3 /* SnapshotTests.swift in Sources */ = {isa = PBXBuildFile; fileRef = 1EAF0BE9284390A500CEDBA3 /* SnapshotTests.swift */; };
		1EAF0BEB284390A500CEDBA3 /* Snapshot.h in Headers */ = {isa = PBXBuildFile; fileRef = 1EAF0BDD284390A500CEDBA3 /* Snapshot.h */; settings = {ATTRIBUTES = (Public, ); }; };
		1EAF0BF5284390B700CEDBA3 /* TestBundle.swift in Sources */ = {isa = PBXBuildFile; fileRef = 1EAF0BF4284390B700CEDBA3 /* TestBundle.swift */; };
		1EB282B82843A1A5001F27D4 /* BuildParser.framework in Frameworks */ = {isa = PBXBuildFile; fileRef = 1EB282B72843A1A5001F27D4 /* BuildParser.framework */; };
		1EB282B92843A1A5001F27D4 /* BuildParser.framework in Embed Frameworks */ = {isa = PBXBuildFile; fileRef = 1EB282B72843A1A5001F27D4 /* BuildParser.framework */; settings = {ATTRIBUTES = (CodeSignOnCopy, RemoveHeadersOnCopy, ); }; };
		1EB282C02843A756001F27D4 /* PrepareBuildOnly.bgbuildsnapshot in Resources */ = {isa = PBXBuildFile; fileRef = 1EAF0BF6284390C100CEDBA3 /* PrepareBuildOnly.bgbuildsnapshot */; };
		1EB282C12843A756001F27D4 /* SimpleClean.bgbuildsnapshot in Resources */ = {isa = PBXBuildFile; fileRef = 1EAF0BF7284390C100CEDBA3 /* SimpleClean.bgbuildsnapshot */; };
		1EB282C22843A756001F27D4 /* IncrementalWithBigGap.bgbuildsnapshot in Resources */ = {isa = PBXBuildFile; fileRef = 1EAF0BF8284390C100CEDBA3 /* IncrementalWithBigGap.bgbuildsnapshot */; };
/* End PBXBuildFile section */

/* Begin PBXContainerItemProxy section */
		1EAF0BE6284390A500CEDBA3 /* PBXContainerItemProxy */ = {
			isa = PBXContainerItemProxy;
			containerPortal = 1EAF0BD1284390A500CEDBA3 /* Project object */;
			proxyType = 1;
			remoteGlobalIDString = 1EAF0BD9284390A500CEDBA3;
			remoteInfo = Snapshot;
		};
/* End PBXContainerItemProxy section */

/* Begin PBXCopyFilesBuildPhase section */
		1EB282BA2843A1A5001F27D4 /* Embed Frameworks */ = {
			isa = PBXCopyFilesBuildPhase;
			buildActionMask = 2147483647;
			dstPath = "";
			dstSubfolderSpec = 10;
			files = (
				1EB282B92843A1A5001F27D4 /* BuildParser.framework in Embed Frameworks */,
			);
			name = "Embed Frameworks";
			runOnlyForDeploymentPostprocessing = 0;
		};
/* End PBXCopyFilesBuildPhase section */

/* Begin PBXFileReference section */
		1EAF0BDA284390A500CEDBA3 /* Snapshot.framework */ = {isa = PBXFileReference; explicitFileType = wrapper.framework; includeInIndex = 0; path = Snapshot.framework; sourceTree = BUILT_PRODUCTS_DIR; };
		1EAF0BDD284390A500CEDBA3 /* Snapshot.h */ = {isa = PBXFileReference; lastKnownFileType = sourcecode.c.h; path = Snapshot.h; sourceTree = "<group>"; };
		1EAF0BDE284390A500CEDBA3 /* Snapshot.docc */ = {isa = PBXFileReference; lastKnownFileType = folder.documentationcatalog; path = Snapshot.docc; sourceTree = "<group>"; };
		1EAF0BE4284390A500CEDBA3 /* SnapshotTests.xctest */ = {isa = PBXFileReference; explicitFileType = wrapper.cfbundle; includeInIndex = 0; path = SnapshotTests.xctest; sourceTree = BUILT_PRODUCTS_DIR; };
		1EAF0BE9284390A500CEDBA3 /* SnapshotTests.swift */ = {isa = PBXFileReference; lastKnownFileType = sourcecode.swift; path = SnapshotTests.swift; sourceTree = "<group>"; };
		1EAF0BF4284390B700CEDBA3 /* TestBundle.swift */ = {isa = PBXFileReference; lastKnownFileType = sourcecode.swift; path = TestBundle.swift; sourceTree = "<group>"; };
		1EAF0BF6284390C100CEDBA3 /* PrepareBuildOnly.bgbuildsnapshot */ = {isa = PBXFileReference; lastKnownFileType = wrapper; path = PrepareBuildOnly.bgbuildsnapshot; sourceTree = "<group>"; };
		1EAF0BF7284390C100CEDBA3 /* SimpleClean.bgbuildsnapshot */ = {isa = PBXFileReference; lastKnownFileType = wrapper; path = SimpleClean.bgbuildsnapshot; sourceTree = "<group>"; };
		1EAF0BF8284390C100CEDBA3 /* IncrementalWithBigGap.bgbuildsnapshot */ = {isa = PBXFileReference; lastKnownFileType = wrapper; path = IncrementalWithBigGap.bgbuildsnapshot; sourceTree = "<group>"; };
		1EB282B72843A1A5001F27D4 /* BuildParser.framework */ = {isa = PBXFileReference; explicitFileType = wrapper.framework; path = BuildParser.framework; sourceTree = BUILT_PRODUCTS_DIR; };
/* End PBXFileReference section */

/* Begin PBXFrameworksBuildPhase section */
		1EAF0BD7284390A500CEDBA3 /* Frameworks */ = {
			isa = PBXFrameworksBuildPhase;
			buildActionMask = 2147483647;
			files = (
				1EB282B82843A1A5001F27D4 /* BuildParser.framework in Frameworks */,
			);
			runOnlyForDeploymentPostprocessing = 0;
		};
		1EAF0BE1284390A500CEDBA3 /* Frameworks */ = {
			isa = PBXFrameworksBuildPhase;
			buildActionMask = 2147483647;
			files = (
				1EAF0BE5284390A500CEDBA3 /* Snapshot.framework in Frameworks */,
			);
			runOnlyForDeploymentPostprocessing = 0;
		};
/* End PBXFrameworksBuildPhase section */

/* Begin PBXGroup section */
		1EAF0BD0284390A500CEDBA3 = {
			isa = PBXGroup;
			children = (
				1EAF0BDC284390A500CEDBA3 /* Snapshot */,
				1EAF0BE8284390A500CEDBA3 /* SnapshotTests */,
				1EAF0BDB284390A500CEDBA3 /* Products */,
				1EB282B62843A1A5001F27D4 /* Frameworks */,
			);
			sourceTree = "<group>";
		};
		1EAF0BDB284390A500CEDBA3 /* Products */ = {
			isa = PBXGroup;
			children = (
				1EAF0BDA284390A500CEDBA3 /* Snapshot.framework */,
				1EAF0BE4284390A500CEDBA3 /* SnapshotTests.xctest */,
			);
			name = Products;
			sourceTree = "<group>";
		};
		1EAF0BDC284390A500CEDBA3 /* Snapshot */ = {
			isa = PBXGroup;
			children = (
				1EAF0BDD284390A500CEDBA3 /* Snapshot.h */,
				1EAF0BF4284390B700CEDBA3 /* TestBundle.swift */,
				1EAF0BF9284390C100CEDBA3 /* Samples */,
				1EAF0BDE284390A500CEDBA3 /* Snapshot.docc */,
			);
			path = Snapshot;
			sourceTree = "<group>";
		};
		1EAF0BE8284390A500CEDBA3 /* SnapshotTests */ = {
			isa = PBXGroup;
			children = (
				1EAF0BE9284390A500CEDBA3 /* SnapshotTests.swift */,
			);
			path = SnapshotTests;
			sourceTree = "<group>";
		};
		1EAF0BF9284390C100CEDBA3 /* Samples */ = {
			isa = PBXGroup;
			children = (
				1EAF0BF6284390C100CEDBA3 /* PrepareBuildOnly.bgbuildsnapshot */,
				1EAF0BF7284390C100CEDBA3 /* SimpleClean.bgbuildsnapshot */,
				1EAF0BF8284390C100CEDBA3 /* IncrementalWithBigGap.bgbuildsnapshot */,
			);
			path = Samples;
			sourceTree = "<group>";
		};
		1EB282B62843A1A5001F27D4 /* Frameworks */ = {
			isa = PBXGroup;
			children = (
				1EB282B72843A1A5001F27D4 /* BuildParser.framework */,
			);
			name = Frameworks;
			sourceTree = "<group>";
		};
/* End PBXGroup section */

/* Begin PBXHeadersBuildPhase section */
		1EAF0BD5284390A500CEDBA3 /* Headers */ = {
			isa = PBXHeadersBuildPhase;
			buildActionMask = 2147483647;
			files = (
				1EAF0BEB284390A500CEDBA3 /* Snapshot.h in Headers */,
			);
			runOnlyForDeploymentPostprocessing = 0;
		};
/* End PBXHeadersBuildPhase section */

/* Begin PBXNativeTarget section */
		1EAF0BD9284390A500CEDBA3 /* Snapshot */ = {
			isa = PBXNativeTarget;
			buildConfigurationList = 1EAF0BEE284390A500CEDBA3 /* Build configuration list for PBXNativeTarget "Snapshot" */;
			buildPhases = (
				1EAF0BD5284390A500CEDBA3 /* Headers */,
				1EAF0BD6284390A500CEDBA3 /* Sources */,
				1EAF0BD7284390A500CEDBA3 /* Frameworks */,
				1EAF0BD8284390A500CEDBA3 /* Resources */,
				1EB282BA2843A1A5001F27D4 /* Embed Frameworks */,
			);
			buildRules = (
			);
			dependencies = (
			);
			name = Snapshot;
			productName = Snapshot;
			productReference = 1EAF0BDA284390A500CEDBA3 /* Snapshot.framework */;
			productType = "com.apple.product-type.framework";
		};
		1EAF0BE3284390A500CEDBA3 /* SnapshotTests */ = {
			isa = PBXNativeTarget;
			buildConfigurationList = 1EAF0BF1284390A500CEDBA3 /* Build configuration list for PBXNativeTarget "SnapshotTests" */;
			buildPhases = (
				1EAF0BE0284390A500CEDBA3 /* Sources */,
				1EAF0BE1284390A500CEDBA3 /* Frameworks */,
				1EAF0BE2284390A500CEDBA3 /* Resources */,
			);
			buildRules = (
			);
			dependencies = (
				1EAF0BE7284390A500CEDBA3 /* PBXTargetDependency */,
			);
			name = SnapshotTests;
			productName = SnapshotTests;
			productReference = 1EAF0BE4284390A500CEDBA3 /* SnapshotTests.xctest */;
			productType = "com.apple.product-type.bundle.unit-test";
		};
/* End PBXNativeTarget section */

/* Begin PBXProject section */
		1EAF0BD1284390A500CEDBA3 /* Project object */ = {
			isa = PBXProject;
			attributes = {
				BuildIndependentTargetsInParallel = 1;
				LastSwiftUpdateCheck = 1330;
				LastUpgradeCheck = 1330;
				TargetAttributes = {
					1EAF0BD9284390A500CEDBA3 = {
						CreatedOnToolsVersion = 13.3;
					};
					1EAF0BE3284390A500CEDBA3 = {
						CreatedOnToolsVersion = 13.3;
					};
				};
			};
			buildConfigurationList = 1EAF0BD4284390A500CEDBA3 /* Build configuration list for PBXProject "Snapshot" */;
			compatibilityVersion = "Xcode 13.0";
			developmentRegion = en;
			hasScannedForEncodings = 0;
			knownRegions = (
				en,
				Base,
			);
			mainGroup = 1EAF0BD0284390A500CEDBA3;
			productRefGroup = 1EAF0BDB284390A500CEDBA3 /* Products */;
			projectDirPath = "";
			projectRoot = "";
			targets = (
				1EAF0BD9284390A500CEDBA3 /* Snapshot */,
				1EAF0BE3284390A500CEDBA3 /* SnapshotTests */,
			);
		};
/* End PBXProject section */

/* Begin PBXResourcesBuildPhase section */
		1EAF0BD8284390A500CEDBA3 /* Resources */ = {
			isa = PBXResourcesBuildPhase;
			buildActionMask = 2147483647;
			files = (
				1EB282C02843A756001F27D4 /* PrepareBuildOnly.bgbuildsnapshot in Resources */,
				1EB282C22843A756001F27D4 /* IncrementalWithBigGap.bgbuildsnapshot in Resources */,
				1EB282C12843A756001F27D4 /* SimpleClean.bgbuildsnapshot in Resources */,
			);
			runOnlyForDeploymentPostprocessing = 0;
		};
		1EAF0BE2284390A500CEDBA3 /* Resources */ = {
			isa = PBXResourcesBuildPhase;
			buildActionMask = 2147483647;
			files = (
			);
			runOnlyForDeploymentPostprocessing = 0;
		};
/* End PBXResourcesBuildPhase section */

/* Begin PBXSourcesBuildPhase section */
		1EAF0BD6284390A500CEDBA3 /* Sources */ = {
			isa = PBXSourcesBuildPhase;
			buildActionMask = 2147483647;
			files = (
				1EAF0BDF284390A500CEDBA3 /* Snapshot.docc in Sources */,
				1EAF0BF5284390B700CEDBA3 /* TestBundle.swift in Sources */,
			);
			runOnlyForDeploymentPostprocessing = 0;
		};
		1EAF0BE0284390A500CEDBA3 /* Sources */ = {
			isa = PBXSourcesBuildPhase;
			buildActionMask = 2147483647;
			files = (
				1EAF0BEA284390A500CEDBA3 /* SnapshotTests.swift in Sources */,
			);
			runOnlyForDeploymentPostprocessing = 0;
		};
/* End PBXSourcesBuildPhase section */

/* Begin PBXTargetDependency section */
		1EAF0BE7284390A500CEDBA3 /* PBXTargetDependency */ = {
			isa = PBXTargetDependency;
			target = 1EAF0BD9284390A500CEDBA3 /* Snapshot */;
			targetProxy = 1EAF0BE6284390A500CEDBA3 /* PBXContainerItemProxy */;
		};
/* End PBXTargetDependency section */

/* Begin XCBuildConfiguration section */
		1EAF0BEC284390A500CEDBA3 /* Debug */ = {
			isa = XCBuildConfiguration;
			buildSettings = {
				ALWAYS_SEARCH_USER_PATHS = NO;
				CLANG_ANALYZER_NONNULL = YES;
				CLANG_ANALYZER_NUMBER_OBJECT_CONVERSION = YES_AGGRESSIVE;
				CLANG_CXX_LANGUAGE_STANDARD = "gnu++17";
				CLANG_ENABLE_MODULES = YES;
				CLANG_ENABLE_OBJC_ARC = YES;
				CLANG_ENABLE_OBJC_WEAK = YES;
				CLANG_WARN_BLOCK_CAPTURE_AUTORELEASING = YES;
				CLANG_WARN_BOOL_CONVERSION = YES;
				CLANG_WARN_COMMA = YES;
				CLANG_WARN_CONSTANT_CONVERSION = YES;
				CLANG_WARN_DEPRECATED_OBJC_IMPLEMENTATIONS = YES;
				CLANG_WARN_DIRECT_OBJC_ISA_USAGE = YES_ERROR;
				CLANG_WARN_DOCUMENTATION_COMMENTS = YES;
				CLANG_WARN_EMPTY_BODY = YES;
				CLANG_WARN_ENUM_CONVERSION = YES;
				CLANG_WARN_INFINITE_RECURSION = YES;
				CLANG_WARN_INT_CONVERSION = YES;
				CLANG_WARN_NON_LITERAL_NULL_CONVERSION = YES;
				CLANG_WARN_OBJC_IMPLICIT_RETAIN_SELF = YES;
				CLANG_WARN_OBJC_LITERAL_CONVERSION = YES;
				CLANG_WARN_OBJC_ROOT_CLASS = YES_ERROR;
				CLANG_WARN_QUOTED_INCLUDE_IN_FRAMEWORK_HEADER = YES;
				CLANG_WARN_RANGE_LOOP_ANALYSIS = YES;
				CLANG_WARN_STRICT_PROTOTYPES = YES;
				CLANG_WARN_SUSPICIOUS_MOVE = YES;
				CLANG_WARN_UNGUARDED_AVAILABILITY = YES_AGGRESSIVE;
				CLANG_WARN_UNREACHABLE_CODE = YES;
				CLANG_WARN__DUPLICATE_METHOD_MATCH = YES;
				COPY_PHASE_STRIP = NO;
				CURRENT_PROJECT_VERSION = 1;
				DEBUG_INFORMATION_FORMAT = dwarf;
				ENABLE_STRICT_OBJC_MSGSEND = YES;
				ENABLE_TESTABILITY = YES;
				GCC_C_LANGUAGE_STANDARD = gnu11;
				GCC_DYNAMIC_NO_PIC = NO;
				GCC_NO_COMMON_BLOCKS = YES;
				GCC_OPTIMIZATION_LEVEL = 0;
				GCC_PREPROCESSOR_DEFINITIONS = (
					"DEBUG=1",
					"$(inherited)",
				);
				GCC_WARN_64_TO_32_BIT_CONVERSION = YES;
				GCC_WARN_ABOUT_RETURN_TYPE = YES_ERROR;
				GCC_WARN_UNDECLARED_SELECTOR = YES;
				GCC_WARN_UNINITIALIZED_AUTOS = YES_AGGRESSIVE;
				GCC_WARN_UNUSED_FUNCTION = YES;
				GCC_WARN_UNUSED_VARIABLE = YES;
				MACOSX_DEPLOYMENT_TARGET = 11.3;
				MTL_ENABLE_DEBUG_INFO = INCLUDE_SOURCE;
				MTL_FAST_MATH = YES;
				ONLY_ACTIVE_ARCH = YES;
				SDKROOT = macosx;
				SWIFT_ACTIVE_COMPILATION_CONDITIONS = DEBUG;
				SWIFT_OPTIMIZATION_LEVEL = "-Onone";
				VERSIONING_SYSTEM = "apple-generic";
				VERSION_INFO_PREFIX = "";
			};
			name = Debug;
		};
		1EAF0BED284390A500CEDBA3 /* Release */ = {
			isa = XCBuildConfiguration;
			buildSettings = {
				ALWAYS_SEARCH_USER_PATHS = NO;
				CLANG_ANALYZER_NONNULL = YES;
				CLANG_ANALYZER_NUMBER_OBJECT_CONVERSION = YES_AGGRESSIVE;
				CLANG_CXX_LANGUAGE_STANDARD = "gnu++17";
				CLANG_ENABLE_MODULES = YES;
				CLANG_ENABLE_OBJC_ARC = YES;
				CLANG_ENABLE_OBJC_WEAK = YES;
				CLANG_WARN_BLOCK_CAPTURE_AUTORELEASING = YES;
				CLANG_WARN_BOOL_CONVERSION = YES;
				CLANG_WARN_COMMA = YES;
				CLANG_WARN_CONSTANT_CONVERSION = YES;
				CLANG_WARN_DEPRECATED_OBJC_IMPLEMENTATIONS = YES;
				CLANG_WARN_DIRECT_OBJC_ISA_USAGE = YES_ERROR;
				CLANG_WARN_DOCUMENTATION_COMMENTS = YES;
				CLANG_WARN_EMPTY_BODY = YES;
				CLANG_WARN_ENUM_CONVERSION = YES;
				CLANG_WARN_INFINITE_RECURSION = YES;
				CLANG_WARN_INT_CONVERSION = YES;
				CLANG_WARN_NON_LITERAL_NULL_CONVERSION = YES;
				CLANG_WARN_OBJC_IMPLICIT_RETAIN_SELF = YES;
				CLANG_WARN_OBJC_LITERAL_CONVERSION = YES;
				CLANG_WARN_OBJC_ROOT_CLASS = YES_ERROR;
				CLANG_WARN_QUOTED_INCLUDE_IN_FRAMEWORK_HEADER = YES;
				CLANG_WARN_RANGE_LOOP_ANALYSIS = YES;
				CLANG_WARN_STRICT_PROTOTYPES = YES;
				CLANG_WARN_SUSPICIOUS_MOVE = YES;
				CLANG_WARN_UNGUARDED_AVAILABILITY = YES_AGGRESSIVE;
				CLANG_WARN_UNREACHABLE_CODE = YES;
				CLANG_WARN__DUPLICATE_METHOD_MATCH = YES;
				COPY_PHASE_STRIP = NO;
				CURRENT_PROJECT_VERSION = 1;
				DEBUG_INFORMATION_FORMAT = "dwarf-with-dsym";
				ENABLE_NS_ASSERTIONS = NO;
				ENABLE_STRICT_OBJC_MSGSEND = YES;
				GCC_C_LANGUAGE_STANDARD = gnu11;
				GCC_NO_COMMON_BLOCKS = YES;
				GCC_WARN_64_TO_32_BIT_CONVERSION = YES;
				GCC_WARN_ABOUT_RETURN_TYPE = YES_ERROR;
				GCC_WARN_UNDECLARED_SELECTOR = YES;
				GCC_WARN_UNINITIALIZED_AUTOS = YES_AGGRESSIVE;
				GCC_WARN_UNUSED_FUNCTION = YES;
				GCC_WARN_UNUSED_VARIABLE = YES;
				MACOSX_DEPLOYMENT_TARGET = 11.3;
				MTL_ENABLE_DEBUG_INFO = NO;
				MTL_FAST_MATH = YES;
				SDKROOT = macosx;
				SWIFT_COMPILATION_MODE = wholemodule;
				SWIFT_OPTIMIZATION_LEVEL = "-O";
				VERSIONING_SYSTEM = "apple-generic";
				VERSION_INFO_PREFIX = "";
			};
			name = Release;
		};
		1EAF0BEF284390A500CEDBA3 /* Debug */ = {
			isa = XCBuildConfiguration;
			buildSettings = {
				CODE_SIGN_STYLE = Automatic;
				COMBINE_HIDPI_IMAGES = YES;
				CURRENT_PROJECT_VERSION = 1;
				DEFINES_MODULE = YES;
				DEVELOPMENT_TEAM = P67Q4Q7HA9;
				DYLIB_COMPATIBILITY_VERSION = 1;
				DYLIB_CURRENT_VERSION = 1;
				DYLIB_INSTALL_NAME_BASE = "@rpath";
				GENERATE_INFOPLIST_FILE = YES;
				INFOPLIST_KEY_NSHumanReadableCopyright = "";
				INSTALL_PATH = "$(LOCAL_LIBRARY_DIR)/Frameworks";
				LD_RUNPATH_SEARCH_PATHS = (
					"$(inherited)",
					"@executable_path/../Frameworks",
					"@loader_path/Frameworks",
				);
				MARKETING_VERSION = 1.0;
				PRODUCT_BUNDLE_IDENTIFIER = com.akaDuality.Snapshot;
				PRODUCT_NAME = "$(TARGET_NAME:c99extidentifier)";
				SKIP_INSTALL = YES;
				SWIFT_EMIT_LOC_STRINGS = YES;
				SWIFT_VERSION = 5.0;
			};
			name = Debug;
		};
		1EAF0BF0284390A500CEDBA3 /* Release */ = {
			isa = XCBuildConfiguration;
			buildSettings = {
				CODE_SIGN_STYLE = Automatic;
				COMBINE_HIDPI_IMAGES = YES;
				CURRENT_PROJECT_VERSION = 1;
				DEFINES_MODULE = YES;
				DEVELOPMENT_TEAM = P67Q4Q7HA9;
				DYLIB_COMPATIBILITY_VERSION = 1;
				DYLIB_CURRENT_VERSION = 1;
				DYLIB_INSTALL_NAME_BASE = "@rpath";
				GENERATE_INFOPLIST_FILE = YES;
				INFOPLIST_KEY_NSHumanReadableCopyright = "";
				INSTALL_PATH = "$(LOCAL_LIBRARY_DIR)/Frameworks";
				LD_RUNPATH_SEARCH_PATHS = (
					"$(inherited)",
					"@executable_path/../Frameworks",
					"@loader_path/Frameworks",
				);
				MARKETING_VERSION = 1.0;
				PRODUCT_BUNDLE_IDENTIFIER = com.akaDuality.Snapshot;
				PRODUCT_NAME = "$(TARGET_NAME:c99extidentifier)";
				SKIP_INSTALL = YES;
				SWIFT_EMIT_LOC_STRINGS = YES;
				SWIFT_VERSION = 5.0;
			};
			name = Release;
		};
		1EAF0BF2284390A500CEDBA3 /* Debug */ = {
			isa = XCBuildConfiguration;
			buildSettings = {
				ALWAYS_EMBED_SWIFT_STANDARD_LIBRARIES = YES;
				CODE_SIGN_STYLE = Automatic;
				CURRENT_PROJECT_VERSION = 1;
				DEVELOPMENT_TEAM = P67Q4Q7HA9;
				GENERATE_INFOPLIST_FILE = YES;
				MARKETING_VERSION = 1.0;
				PRODUCT_BUNDLE_IDENTIFIER = com.akaDuality.SnapshotTests;
				PRODUCT_NAME = "$(TARGET_NAME)";
				SWIFT_EMIT_LOC_STRINGS = NO;
				SWIFT_VERSION = 5.0;
			};
			name = Debug;
		};
		1EAF0BF3284390A500CEDBA3 /* Release */ = {
			isa = XCBuildConfiguration;
			buildSettings = {
				ALWAYS_EMBED_SWIFT_STANDARD_LIBRARIES = YES;
				CODE_SIGN_STYLE = Automatic;
				CURRENT_PROJECT_VERSION = 1;
				DEVELOPMENT_TEAM = P67Q4Q7HA9;
				GENERATE_INFOPLIST_FILE = YES;
				MARKETING_VERSION = 1.0;
				PRODUCT_BUNDLE_IDENTIFIER = com.akaDuality.SnapshotTests;
				PRODUCT_NAME = "$(TARGET_NAME)";
				SWIFT_EMIT_LOC_STRINGS = NO;
				SWIFT_VERSION = 5.0;
			};
			name = Release;
		};
/* End XCBuildConfiguration section */

/* Begin XCConfigurationList section */
		1EAF0BD4284390A500CEDBA3 /* Build configuration list for PBXProject "Snapshot" */ = {
			isa = XCConfigurationList;
			buildConfigurations = (
				1EAF0BEC284390A500CEDBA3 /* Debug */,
				1EAF0BED284390A500CEDBA3 /* Release */,
			);
			defaultConfigurationIsVisible = 0;
			defaultConfigurationName = Release;
		};
		1EAF0BEE284390A500CEDBA3 /* Build configuration list for PBXNativeTarget "Snapshot" */ = {
			isa = XCConfigurationList;
			buildConfigurations = (
				1EAF0BEF284390A500CEDBA3 /* Debug */,
				1EAF0BF0284390A500CEDBA3 /* Release */,
			);
			defaultConfigurationIsVisible = 0;
			defaultConfigurationName = Release;
		};
		1EAF0BF1284390A500CEDBA3 /* Build configuration list for PBXNativeTarget "SnapshotTests" */ = {
			isa = XCConfigurationList;
			buildConfigurations = (
				1EAF0BF2284390A500CEDBA3 /* Debug */,
				1EAF0BF3284390A500CEDBA3 /* Release */,
			);
			defaultConfigurationIsVisible = 0;
			defaultConfigurationName = Release;
		};
/* End XCConfigurationList section */
	};
	rootObject = 1EAF0BD1284390A500CEDBA3 /* Project object */;
}
