{
  "object": {
    "pins": [
      {
        "package": "Gzip",
        "repositoryURL": "https://github.com/1024jp/GzipSwift",
        "state": {
          "branch": null,
          "revision": "7a7f17761c76a932662ab77028a4329f67d645a4",
          "version": "5.2.0"
        }
      },
      {
        "package": "swift-custom-dump",
        "repositoryURL": "https://github.com/pointfreeco/swift-custom-dump",
        "state": {
          "branch": "main",
          "revision": "21ec1d717c07cea5a026979cb0471dd95c7087e7",
          "version": null
        }
      },
      {
        "package": "swift-snapshot-testing",
        "repositoryURL": "git@github.com:pointfreeco/swift-snapshot-testing.git",
        "state": {
          "branch": "main",
          "revision": "567c66adf318612f9482fdaf62c09df1aa57ee87",
          "version": null
        }
      },
      {
        "package": "xctest-dynamic-overlay",
        "repositoryURL": "https://github.com/pointfreeco/xctest-dynamic-overlay",
        "state": {
          "branch": null,
          "revision": "50a70a9d3583fe228ce672e8923010c8df2deddd",
          "version": "0.2.1"
        }
      }
    ]
  },
  "version": 1
}
