// !$*UTF8*$!
{
	archiveVersion = 1;
	classes = {
	};
	objectVersion = 55;
	objects = {

/* Begin PBXBuildFile section */
		1ED444FC284CF0AE005E77FA /* BuildGraphDebugUITests.swift in Sources */ = {isa = PBXBuildFile; fileRef = 1ED444FB284CF0AE005E77FA /* BuildGraphDebugUITests.swift */; };
		1ED444FE284CF0AE005E77FA /* BuildGraphDebugUITestsLaunchTests.swift in Sources */ = {isa = PBXBuildFile; fileRef = 1ED444FD284CF0AE005E77FA /* BuildGraphDebugUITestsLaunchTests.swift */; };
		1ED4450F284CF160005E77FA /* AppDelegate.swift in Sources */ = {isa = PBXBuildFile; fileRef = 1ED4450D284CF160005E77FA /* AppDelegate.swift */; };
		1ED44510284CF160005E77FA /* main.swift in Sources */ = {isa = PBXBuildFile; fileRef = 1ED4450E284CF160005E77FA /* main.swift */; };
		74ACCA592A2D4C6500436360 /* App in Frameworks */ = {isa = PBXBuildFile; productRef = 74ACCA582A2D4C6500436360 /* App */; };
/* End PBXBuildFile section */

/* Begin PBXContainerItemProxy section */
		1ED444F8284CF0AE005E77FA /* PBXContainerItemProxy */ = {
			isa = PBXContainerItemProxy;
			containerPortal = 1ED444D4284CF0AC005E77FA /* Project object */;
			proxyType = 1;
			remoteGlobalIDString = 1ED444DB284CF0AC005E77FA;
			remoteInfo = BuildGraphDebug;
		};
/* End PBXContainerItemProxy section */

/* Begin PBXFileReference section */
		1ED444DC284CF0AC005E77FA /* BuildGraphDebug.app */ = {isa = PBXFileReference; explicitFileType = wrapper.application; includeInIndex = 0; path = BuildGraphDebug.app; sourceTree = BUILT_PRODUCTS_DIR; };
		1ED444E8284CF0AD005E77FA /* BuildGraphDebug.entitlements */ = {isa = PBXFileReference; lastKnownFileType = text.plist.entitlements; path = BuildGraphDebug.entitlements; sourceTree = "<group>"; };
		1ED444F7284CF0AE005E77FA /* BuildGraphDebugUITests.xctest */ = {isa = PBXFileReference; explicitFileType = wrapper.cfbundle; includeInIndex = 0; path = BuildGraphDebugUITests.xctest; sourceTree = BUILT_PRODUCTS_DIR; };
		1ED444FB284CF0AE005E77FA /* BuildGraphDebugUITests.swift */ = {isa = PBXFileReference; lastKnownFileType = sourcecode.swift; path = BuildGraphDebugUITests.swift; sourceTree = "<group>"; };
		1ED444FD284CF0AE005E77FA /* BuildGraphDebugUITestsLaunchTests.swift */ = {isa = PBXFileReference; lastKnownFileType = sourcecode.swift; path = BuildGraphDebugUITestsLaunchTests.swift; sourceTree = "<group>"; };
		1ED4450A284CF14B005E77FA /* M1.xcactivitylog */ = {isa = PBXFileReference; lastKnownFileType = file; path = M1.xcactivitylog; sourceTree = "<group>"; };
		1ED4450B284CF14B005E77FA /* Intel_i5.xcactivitylog */ = {isa = PBXFileReference; lastKnownFileType = file; path = Intel_i5.xcactivitylog; sourceTree = "<group>"; };
		1ED4450D284CF160005E77FA /* AppDelegate.swift */ = {isa = PBXFileReference; lastKnownFileType = sourcecode.swift; path = AppDelegate.swift; sourceTree = "<group>"; };
		1ED4450E284CF160005E77FA /* main.swift */ = {isa = PBXFileReference; lastKnownFileType = sourcecode.swift; path = main.swift; sourceTree = "<group>"; };
		1ED44512284CF188005E77FA /* App.framework */ = {isa = PBXFileReference; explicitFileType = wrapper.framework; path = App.framework; sourceTree = BUILT_PRODUCTS_DIR; };
/* End PBXFileReference section */

/* Begin PBXFrameworksBuildPhase section */
		1ED444D9284CF0AC005E77FA /* Frameworks */ = {
			isa = PBXFrameworksBuildPhase;
			buildActionMask = 2147483647;
			files = (
				74ACCA592A2D4C6500436360 /* App in Frameworks */,
			);
			runOnlyForDeploymentPostprocessing = 0;
		};
		1ED444F4284CF0AE005E77FA /* Frameworks */ = {
			isa = PBXFrameworksBuildPhase;
			buildActionMask = 2147483647;
			files = (
			);
			runOnlyForDeploymentPostprocessing = 0;
		};
/* End PBXFrameworksBuildPhase section */

/* Begin PBXGroup section */
		1ED444D3284CF0AC005E77FA = {
			isa = PBXGroup;
			children = (
				1ED444DE284CF0AC005E77FA /* BuildGraphDebug */,
				1ED444FA284CF0AE005E77FA /* BuildGraphDebugUITests */,
				1ED444DD284CF0AC005E77FA /* Products */,
				1ED44511284CF188005E77FA /* Frameworks */,
			);
			sourceTree = "<group>";
		};
		1ED444DD284CF0AC005E77FA /* Products */ = {
			isa = PBXGroup;
			children = (
				1ED444DC284CF0AC005E77FA /* BuildGraphDebug.app */,
				1ED444F7284CF0AE005E77FA /* BuildGraphDebugUITests.xctest */,
			);
			name = Products;
			sourceTree = "<group>";
		};
		1ED444DE284CF0AC005E77FA /* BuildGraphDebug */ = {
			isa = PBXGroup;
			children = (
				1ED4450D284CF160005E77FA /* AppDelegate.swift */,
				1ED4450E284CF160005E77FA /* main.swift */,
				1ED444E8284CF0AD005E77FA /* BuildGraphDebug.entitlements */,
				1ED4450C284CF14B005E77FA /* Samples */,
			);
			path = BuildGraphDebug;
			sourceTree = "<group>";
		};
		1ED444FA284CF0AE005E77FA /* BuildGraphDebugUITests */ = {
			isa = PBXGroup;
			children = (
				1ED444FB284CF0AE005E77FA /* BuildGraphDebugUITests.swift */,
				1ED444FD284CF0AE005E77FA /* BuildGraphDebugUITestsLaunchTests.swift */,
			);
			path = BuildGraphDebugUITests;
			sourceTree = "<group>";
		};
		1ED4450C284CF14B005E77FA /* Samples */ = {
			isa = PBXGroup;
			children = (
				1ED4450A284CF14B005E77FA /* M1.xcactivitylog */,
				1ED4450B284CF14B005E77FA /* Intel_i5.xcactivitylog */,
			);
			path = Samples;
			sourceTree = "<group>";
		};
		1ED44511284CF188005E77FA /* Frameworks */ = {
			isa = PBXGroup;
			children = (
				1ED44512284CF188005E77FA /* App.framework */,
			);
			name = Frameworks;
			sourceTree = "<group>";
		};
/* End PBXGroup section */

/* Begin PBXNativeTarget section */
		1ED444DB284CF0AC005E77FA /* BuildGraphDebug */ = {
			isa = PBXNativeTarget;
			buildConfigurationList = 1ED44501284CF0AE005E77FA /* Build configuration list for PBXNativeTarget "BuildGraphDebug" */;
			buildPhases = (
				1ED444D8284CF0AC005E77FA /* Sources */,
				1ED444D9284CF0AC005E77FA /* Frameworks */,
				1ED444DA284CF0AC005E77FA /* Resources */,
			);
			buildRules = (
			);
			dependencies = (
			);
			name = BuildGraphDebug;
			packageProductDependencies = (
				74ACCA582A2D4C6500436360 /* App */,
			);
			productName = BuildGraphDebug;
			productReference = 1ED444DC284CF0AC005E77FA /* BuildGraphDebug.app */;
			productType = "com.apple.product-type.application";
		};
		1ED444F6284CF0AE005E77FA /* BuildGraphDebugUITests */ = {
			isa = PBXNativeTarget;
			buildConfigurationList = 1ED44507284CF0AE005E77FA /* Build configuration list for PBXNativeTarget "BuildGraphDebugUITests" */;
			buildPhases = (
				1ED444F3284CF0AE005E77FA /* Sources */,
				1ED444F4284CF0AE005E77FA /* Frameworks */,
				1ED444F5284CF0AE005E77FA /* Resources */,
			);
			buildRules = (
			);
			dependencies = (
				1ED444F9284CF0AE005E77FA /* PBXTargetDependency */,
			);
			name = BuildGraphDebugUITests;
			productName = BuildGraphDebugUITests;
			productReference = 1ED444F7284CF0AE005E77FA /* BuildGraphDebugUITests.xctest */;
			productType = "com.apple.product-type.bundle.ui-testing";
		};
/* End PBXNativeTarget section */

/* Begin PBXProject section */
		1ED444D4284CF0AC005E77FA /* Project object */ = {
			isa = PBXProject;
			attributes = {
				BuildIndependentTargetsInParallel = 1;
				LastSwiftUpdateCheck = 1340;
				LastUpgradeCheck = 1340;
				TargetAttributes = {
					1ED444DB284CF0AC005E77FA = {
						CreatedOnToolsVersion = 13.4;
					};
					1ED444F6284CF0AE005E77FA = {
						CreatedOnToolsVersion = 13.4;
						TestTargetID = 1ED444DB284CF0AC005E77FA;
					};
				};
			};
			buildConfigurationList = 1ED444D7284CF0AC005E77FA /* Build configuration list for PBXProject "BuildGraphDebug" */;
			compatibilityVersion = "Xcode 13.0";
			developmentRegion = en;
			hasScannedForEncodings = 0;
			knownRegions = (
				en,
				Base,
			);
			mainGroup = 1ED444D3284CF0AC005E77FA;
			productRefGroup = 1ED444DD284CF0AC005E77FA /* Products */;
			projectDirPath = "";
			projectRoot = "";
			targets = (
				1ED444DB284CF0AC005E77FA /* BuildGraphDebug */,
				1ED444F6284CF0AE005E77FA /* BuildGraphDebugUITests */,
			);
		};
/* End PBXProject section */

/* Begin PBXResourcesBuildPhase section */
		1ED444DA284CF0AC005E77FA /* Resources */ = {
			isa = PBXResourcesBuildPhase;
			buildActionMask = 2147483647;
			files = (
			);
			runOnlyForDeploymentPostprocessing = 0;
		};
		1ED444F5284CF0AE005E77FA /* Resources */ = {
			isa = PBXResourcesBuildPhase;
			buildActionMask = 2147483647;
			files = (
			);
			runOnlyForDeploymentPostprocessing = 0;
		};
/* End PBXResourcesBuildPhase section */

/* Begin PBXSourcesBuildPhase section */
		1ED444D8284CF0AC005E77FA /* Sources */ = {
			isa = PBXSourcesBuildPhase;
			buildActionMask = 2147483647;
			files = (
				1ED44510284CF160005E77FA /* main.swift in Sources */,
				1ED4450F284CF160005E77FA /* AppDelegate.swift in Sources */,
			);
			runOnlyForDeploymentPostprocessing = 0;
		};
		1ED444F3284CF0AE005E77FA /* Sources */ = {
			isa = PBXSourcesBuildPhase;
			buildActionMask = 2147483647;
			files = (
				1ED444FE284CF0AE005E77FA /* BuildGraphDebugUITestsLaunchTests.swift in Sources */,
				1ED444FC284CF0AE005E77FA /* BuildGraphDebugUITests.swift in Sources */,
			);
			runOnlyForDeploymentPostprocessing = 0;
		};
/* End PBXSourcesBuildPhase section */

/* Begin PBXTargetDependency section */
		1ED444F9284CF0AE005E77FA /* PBXTargetDependency */ = {
			isa = PBXTargetDependency;
			target = 1ED444DB284CF0AC005E77FA /* BuildGraphDebug */;
			targetProxy = 1ED444F8284CF0AE005E77FA /* PBXContainerItemProxy */;
		};
/* End PBXTargetDependency section */

/* Begin XCBuildConfiguration section */
		1ED444FF284CF0AE005E77FA /* Debug */ = {
			isa = XCBuildConfiguration;
			buildSettings = {
				ALWAYS_SEARCH_USER_PATHS = NO;
				CLANG_ANALYZER_NONNULL = YES;
				CLANG_ANALYZER_NUMBER_OBJECT_CONVERSION = YES_AGGRESSIVE;
				CLANG_CXX_LANGUAGE_STANDARD = "gnu++17";
				CLANG_ENABLE_MODULES = YES;
				CLANG_ENABLE_OBJC_ARC = YES;
				CLANG_ENABLE_OBJC_WEAK = YES;
				CLANG_WARN_BLOCK_CAPTURE_AUTORELEASING = YES;
				CLANG_WARN_BOOL_CONVERSION = YES;
				CLANG_WARN_COMMA = YES;
				CLANG_WARN_CONSTANT_CONVERSION = YES;
				CLANG_WARN_DEPRECATED_OBJC_IMPLEMENTATIONS = YES;
				CLANG_WARN_DIRECT_OBJC_ISA_USAGE = YES_ERROR;
				CLANG_WARN_DOCUMENTATION_COMMENTS = YES;
				CLANG_WARN_EMPTY_BODY = YES;
				CLANG_WARN_ENUM_CONVERSION = YES;
				CLANG_WARN_INFINITE_RECURSION = YES;
				CLANG_WARN_INT_CONVERSION = YES;
				CLANG_WARN_NON_LITERAL_NULL_CONVERSION = YES;
				CLANG_WARN_OBJC_IMPLICIT_RETAIN_SELF = YES;
				CLANG_WARN_OBJC_LITERAL_CONVERSION = YES;
				CLANG_WARN_OBJC_ROOT_CLASS = YES_ERROR;
				CLANG_WARN_QUOTED_INCLUDE_IN_FRAMEWORK_HEADER = YES;
				CLANG_WARN_RANGE_LOOP_ANALYSIS = YES;
				CLANG_WARN_STRICT_PROTOTYPES = YES;
				CLANG_WARN_SUSPICIOUS_MOVE = YES;
				CLANG_WARN_UNGUARDED_AVAILABILITY = YES_AGGRESSIVE;
				CLANG_WARN_UNREACHABLE_CODE = YES;
				CLANG_WARN__DUPLICATE_METHOD_MATCH = YES;
				COPY_PHASE_STRIP = NO;
				DEBUG_INFORMATION_FORMAT = dwarf;
				ENABLE_STRICT_OBJC_MSGSEND = YES;
				ENABLE_TESTABILITY = YES;
				GCC_C_LANGUAGE_STANDARD = gnu11;
				GCC_DYNAMIC_NO_PIC = NO;
				GCC_NO_COMMON_BLOCKS = YES;
				GCC_OPTIMIZATION_LEVEL = 0;
				GCC_PREPROCESSOR_DEFINITIONS = (
					"DEBUG=1",
					"$(inherited)",
				);
				GCC_WARN_64_TO_32_BIT_CONVERSION = YES;
				GCC_WARN_ABOUT_RETURN_TYPE = YES_ERROR;
				GCC_WARN_UNDECLARED_SELECTOR = YES;
				GCC_WARN_UNINITIALIZED_AUTOS = YES_AGGRESSIVE;
				GCC_WARN_UNUSED_FUNCTION = YES;
				GCC_WARN_UNUSED_VARIABLE = YES;
				MACOSX_DEPLOYMENT_TARGET = 12.3;
				MTL_ENABLE_DEBUG_INFO = INCLUDE_SOURCE;
				MTL_FAST_MATH = YES;
				ONLY_ACTIVE_ARCH = YES;
				SDKROOT = macosx;
				SWIFT_ACTIVE_COMPILATION_CONDITIONS = DEBUG;
				SWIFT_OPTIMIZATION_LEVEL = "-Onone";
			};
			name = Debug;
		};
		1ED44500284CF0AE005E77FA /* Release */ = {
			isa = XCBuildConfiguration;
			buildSettings = {
				ALWAYS_SEARCH_USER_PATHS = NO;
				CLANG_ANALYZER_NONNULL = YES;
				CLANG_ANALYZER_NUMBER_OBJECT_CONVERSION = YES_AGGRESSIVE;
				CLANG_CXX_LANGUAGE_STANDARD = "gnu++17";
				CLANG_ENABLE_MODULES = YES;
				CLANG_ENABLE_OBJC_ARC = YES;
				CLANG_ENABLE_OBJC_WEAK = YES;
				CLANG_WARN_BLOCK_CAPTURE_AUTORELEASING = YES;
				CLANG_WARN_BOOL_CONVERSION = YES;
				CLANG_WARN_COMMA = YES;
				CLANG_WARN_CONSTANT_CONVERSION = YES;
				CLANG_WARN_DEPRECATED_OBJC_IMPLEMENTATIONS = YES;
				CLANG_WARN_DIRECT_OBJC_ISA_USAGE = YES_ERROR;
				CLANG_WARN_DOCUMENTATION_COMMENTS = YES;
				CLANG_WARN_EMPTY_BODY = YES;
				CLANG_WARN_ENUM_CONVERSION = YES;
				CLANG_WARN_INFINITE_RECURSION = YES;
				CLANG_WARN_INT_CONVERSION = YES;
				CLANG_WARN_NON_LITERAL_NULL_CONVERSION = YES;
				CLANG_WARN_OBJC_IMPLICIT_RETAIN_SELF = YES;
				CLANG_WARN_OBJC_LITERAL_CONVERSION = YES;
				CLANG_WARN_OBJC_ROOT_CLASS = YES_ERROR;
				CLANG_WARN_QUOTED_INCLUDE_IN_FRAMEWORK_HEADER = YES;
				CLANG_WARN_RANGE_LOOP_ANALYSIS = YES;
				CLANG_WARN_STRICT_PROTOTYPES = YES;
				CLANG_WARN_SUSPICIOUS_MOVE = YES;
				CLANG_WARN_UNGUARDED_AVAILABILITY = YES_AGGRESSIVE;
				CLANG_WARN_UNREACHABLE_CODE = YES;
				CLANG_WARN__DUPLICATE_METHOD_MATCH = YES;
				COPY_PHASE_STRIP = NO;
				DEBUG_INFORMATION_FORMAT = "dwarf-with-dsym";
				ENABLE_NS_ASSERTIONS = NO;
				ENABLE_STRICT_OBJC_MSGSEND = YES;
				GCC_C_LANGUAGE_STANDARD = gnu11;
				GCC_NO_COMMON_BLOCKS = YES;
				GCC_WARN_64_TO_32_BIT_CONVERSION = YES;
				GCC_WARN_ABOUT_RETURN_TYPE = YES_ERROR;
				GCC_WARN_UNDECLARED_SELECTOR = YES;
				GCC_WARN_UNINITIALIZED_AUTOS = YES_AGGRESSIVE;
				GCC_WARN_UNUSED_FUNCTION = YES;
				GCC_WARN_UNUSED_VARIABLE = YES;
				MACOSX_DEPLOYMENT_TARGET = 12.3;
				MTL_ENABLE_DEBUG_INFO = NO;
				MTL_FAST_MATH = YES;
				SDKROOT = macosx;
				SWIFT_COMPILATION_MODE = wholemodule;
				SWIFT_OPTIMIZATION_LEVEL = "-O";
			};
			name = Release;
		};
		1ED44502284CF0AE005E77FA /* Debug */ = {
			isa = XCBuildConfiguration;
			buildSettings = {
				ASSETCATALOG_COMPILER_GLOBAL_ACCENT_COLOR_NAME = AccentColor;
				CODE_SIGN_ENTITLEMENTS = BuildGraphDebug/BuildGraphDebug.entitlements;
				CODE_SIGN_STYLE = Automatic;
				COMBINE_HIDPI_IMAGES = YES;
				CURRENT_PROJECT_VERSION = 1;
				DEVELOPMENT_TEAM = P67Q4Q7HA9;
				ENABLE_HARDENED_RUNTIME = YES;
				GENERATE_INFOPLIST_FILE = YES;
				INFOPLIST_KEY_NSHumanReadableCopyright = "";
				INFOPLIST_KEY_NSPrincipalClass = NSApplication;
				LD_RUNPATH_SEARCH_PATHS = (
					"$(inherited)",
					"@executable_path/../Frameworks",
				);
				MARKETING_VERSION = 1.0;
				PRODUCT_BUNDLE_IDENTIFIER = com.akaDuality.BuildGraphDebug;
				PRODUCT_NAME = "$(TARGET_NAME)";
				SWIFT_EMIT_LOC_STRINGS = YES;
				SWIFT_VERSION = 5.0;
			};
			name = Debug;
		};
		1ED44503284CF0AE005E77FA /* Release */ = {
			isa = XCBuildConfiguration;
			buildSettings = {
				ASSETCATALOG_COMPILER_GLOBAL_ACCENT_COLOR_NAME = AccentColor;
				CODE_SIGN_ENTITLEMENTS = BuildGraphDebug/BuildGraphDebug.entitlements;
				CODE_SIGN_STYLE = Automatic;
				COMBINE_HIDPI_IMAGES = YES;
				CURRENT_PROJECT_VERSION = 1;
				DEVELOPMENT_TEAM = P67Q4Q7HA9;
				ENABLE_HARDENED_RUNTIME = YES;
				GENERATE_INFOPLIST_FILE = YES;
				INFOPLIST_KEY_NSHumanReadableCopyright = "";
				INFOPLIST_KEY_NSPrincipalClass = NSApplication;
				LD_RUNPATH_SEARCH_PATHS = (
					"$(inherited)",
					"@executable_path/../Frameworks",
				);
				MARKETING_VERSION = 1.0;
				PRODUCT_BUNDLE_IDENTIFIER = com.akaDuality.BuildGraphDebug;
				PRODUCT_NAME = "$(TARGET_NAME)";
				SWIFT_EMIT_LOC_STRINGS = YES;
				SWIFT_VERSION = 5.0;
			};
			name = Release;
		};
		1ED44508284CF0AE005E77FA /* Debug */ = {
			isa = XCBuildConfiguration;
			buildSettings = {
				ALWAYS_EMBED_SWIFT_STANDARD_LIBRARIES = YES;
				CODE_SIGN_STYLE = Automatic;
				CURRENT_PROJECT_VERSION = 1;
				DEVELOPMENT_TEAM = P67Q4Q7HA9;
				GENERATE_INFOPLIST_FILE = YES;
				MARKETING_VERSION = 1.0;
				PRODUCT_BUNDLE_IDENTIFIER = com.akaDuality.BuildGraphDebugUITests;
				PRODUCT_NAME = "$(TARGET_NAME)";
				SWIFT_EMIT_LOC_STRINGS = NO;
				SWIFT_VERSION = 5.0;
				TEST_TARGET_NAME = BuildGraphDebug;
			};
			name = Debug;
		};
		1ED44509284CF0AE005E77FA /* Release */ = {
			isa = XCBuildConfiguration;
			buildSettings = {
				ALWAYS_EMBED_SWIFT_STANDARD_LIBRARIES = YES;
				CODE_SIGN_STYLE = Automatic;
				CURRENT_PROJECT_VERSION = 1;
				DEVELOPMENT_TEAM = P67Q4Q7HA9;
				GENERATE_INFOPLIST_FILE = YES;
				MARKETING_VERSION = 1.0;
				PRODUCT_BUNDLE_IDENTIFIER = com.akaDuality.BuildGraphDebugUITests;
				PRODUCT_NAME = "$(TARGET_NAME)";
				SWIFT_EMIT_LOC_STRINGS = NO;
				SWIFT_VERSION = 5.0;
				TEST_TARGET_NAME = BuildGraphDebug;
			};
			name = Release;
		};
/* End XCBuildConfiguration section */

/* Begin XCConfigurationList section */
		1ED444D7284CF0AC005E77FA /* Build configuration list for PBXProject "BuildGraphDebug" */ = {
			isa = XCConfigurationList;
			buildConfigurations = (
				1ED444FF284CF0AE005E77FA /* Debug */,
				1ED44500284CF0AE005E77FA /* Release */,
			);
			defaultConfigurationIsVisible = 0;
			defaultConfigurationName = Release;
		};
		1ED44501284CF0AE005E77FA /* Build configuration list for PBXNativeTarget "BuildGraphDebug" */ = {
			isa = XCConfigurationList;
			buildConfigurations = (
				1ED44502284CF0AE005E77FA /* Debug */,
				1ED44503284CF0AE005E77FA /* Release */,
			);
			defaultConfigurationIsVisible = 0;
			defaultConfigurationName = Release;
		};
		1ED44507284CF0AE005E77FA /* Build configuration list for PBXNativeTarget "BuildGraphDebugUITests" */ = {
			isa = XCConfigurationList;
			buildConfigurations = (
				1ED44508284CF0AE005E77FA /* Debug */,
				1ED44509284CF0AE005E77FA /* Release */,
			);
			defaultConfigurationIsVisible = 0;
			defaultConfigurationName = Release;
		};
/* End XCConfigurationList section */

/* Begin XCSwiftPackageProductDependency section */
		74ACCA582A2D4C6500436360 /* App */ = {
			isa = XCSwiftPackageProductDependency;
			productName = App;
		};
/* End XCSwiftPackageProductDependency section */
	};
	rootObject = 1ED444D4284CF0AC005E77FA /* Project object */;
}
