// !$*UTF8*$!
{
	archiveVersion = 1;
	classes = {
	};
	objectVersion = 55;
	objects = {

/* Begin PBXBuildFile section */
		1E1D7FCD2819C7A900B64954 /* SnapshotTesting in Frameworks */ = {isa = PBXBuildFile; productRef = 1E1D7FCC2819C7A900B64954 /* SnapshotTesting */; };
		1E1D7FD02819C7F500B64954 /* CustomDump in Frameworks */ = {isa = PBXBuildFile; productRef = 1E1D7FCF2819C7F500B64954 /* CustomDump */; };
		1E1D7FD92819CB0100B64954 /* F5F5EB7C-FD56-4037-9959-7056E5363FCD.xcactivitylog in Resources */ = {isa = PBXBuildFile; fileRef = 1E1D7FD42819CB0100B64954 /* F5F5EB7C-FD56-4037-9959-7056E5363FCD.xcactivitylog */; };
		1E1D7FDA2819CB0100B64954 /* e9f65ec2d9f99e7a6246f6ec22f1e059-targetGraph.txt in Resources */ = {isa = PBXBuildFile; fileRef = 1E1D7FD82819CB0100B64954 /* e9f65ec2d9f99e7a6246f6ec22f1e059-targetGraph.txt */; };
		1E1D7FDC2819CB1E00B64954 /* ParsingTests.swift in Sources */ = {isa = PBXBuildFile; fileRef = 1E1D7FDB2819CB1E00B64954 /* ParsingTests.swift */; };
		1E7370A3280B0DA4007C7B10 /* BuildParser.docc in Sources */ = {isa = PBXBuildFile; fileRef = 1E7370A2280B0DA4007C7B10 /* BuildParser.docc */; };
		1E7370A9280B0DA4007C7B10 /* BuildParser.framework in Frameworks */ = {isa = PBXBuildFile; fileRef = 1E73709E280B0DA4007C7B10 /* BuildParser.framework */; };
		1E7370AF280B0DA4007C7B10 /* BuildParser.h in Headers */ = {isa = PBXBuildFile; fileRef = 1E7370A1280B0DA4007C7B10 /* BuildParser.h */; settings = {ATTRIBUTES = (Public, ); }; };
		1E7370DF280B0DBA007C7B10 /* CGColor+DarkMode.swift in Sources */ = {isa = PBXBuildFile; fileRef = 1E7370B8280B0DB9007C7B10 /* CGColor+DarkMode.swift */; };
		1E7370E0280B0DBA007C7B10 /* PeriodsLayer.swift in Sources */ = {isa = PBXBuildFile; fileRef = 1E7370BA280B0DBA007C7B10 /* PeriodsLayer.swift */; };
		1E7370E1280B0DBA007C7B10 /* ColorDescriptionLayer.swift in Sources */ = {isa = PBXBuildFile; fileRef = 1E7370BB280B0DBA007C7B10 /* ColorDescriptionLayer.swift */; };
		1E7370E2280B0DBA007C7B10 /* HUDLayer.swift in Sources */ = {isa = PBXBuildFile; fileRef = 1E7370BC280B0DBA007C7B10 /* HUDLayer.swift */; };
		1E7370E3280B0DBA007C7B10 /* AppLayer.swift in Sources */ = {isa = PBXBuildFile; fileRef = 1E7370BD280B0DBA007C7B10 /* AppLayer.swift */; };
		1E7370E4280B0DBA007C7B10 /* ColorsLegendLayer.swift in Sources */ = {isa = PBXBuildFile; fileRef = 1E7370BE280B0DBA007C7B10 /* ColorsLegendLayer.swift */; };
		1E7370E5280B0DBA007C7B10 /* BuildStartLayer.swift in Sources */ = {isa = PBXBuildFile; fileRef = 1E7370C0280B0DBA007C7B10 /* BuildStartLayer.swift */; };
		1E7370E6280B0DBA007C7B10 /* ConcurrencyLayer.swift in Sources */ = {isa = PBXBuildFile; fileRef = 1E7370C1280B0DBA007C7B10 /* ConcurrencyLayer.swift */; };
		1E7370E7280B0DBA007C7B10 /* VerticalLineLayer.swift in Sources */ = {isa = PBXBuildFile; fileRef = 1E7370C2280B0DBA007C7B10 /* VerticalLineLayer.swift */; };
		1E7370E8280B0DBA007C7B10 /* DependeciesLayer.swift in Sources */ = {isa = PBXBuildFile; fileRef = 1E7370C4280B0DBA007C7B10 /* DependeciesLayer.swift */; };
		1E7370E9280B0DBA007C7B10 /* ModulesLayer.swift in Sources */ = {isa = PBXBuildFile; fileRef = 1E7370C5280B0DBA007C7B10 /* ModulesLayer.swift */; };
		1E7370EA280B0DBA007C7B10 /* EventLayer.swift in Sources */ = {isa = PBXBuildFile; fileRef = 1E7370C6280B0DBA007C7B10 /* EventLayer.swift */; };
		1E7370EB280B0DBA007C7B10 /* TimelineLayer.swift in Sources */ = {isa = PBXBuildFile; fileRef = 1E7370C7280B0DBA007C7B10 /* TimelineLayer.swift */; };
		1E7370EC280B0DBA007C7B10 /* Colors.swift in Sources */ = {isa = PBXBuildFile; fileRef = 1E7370C8280B0DBA007C7B10 /* Colors.swift */; };
		1E7370ED280B0DBA007C7B10 /* EventRelativeRect.swift in Sources */ = {isa = PBXBuildFile; fileRef = 1E7370C9280B0DBA007C7B10 /* EventRelativeRect.swift */; };
		1E7370EE280B0DBA007C7B10 /* Storage.swift in Sources */ = {isa = PBXBuildFile; fileRef = 1E7370CB280B0DBA007C7B10 /* Storage.swift */; };
		1E7370EF280B0DBA007C7B10 /* DurationFormatter.swift in Sources */ = {isa = PBXBuildFile; fileRef = 1E7370CC280B0DBA007C7B10 /* DurationFormatter.swift */; };
		1E7370F0280B0DBA007C7B10 /* ProjectReference.swift in Sources */ = {isa = PBXBuildFile; fileRef = 1E7370CD280B0DBA007C7B10 /* ProjectReference.swift */; };
		1E7370F1280B0DBA007C7B10 /* Event.swift in Sources */ = {isa = PBXBuildFile; fileRef = 1E7370CE280B0DBA007C7B10 /* Event.swift */; };
		1E7370F2280B0DBA007C7B10 /* ProjectReferenceFactory.swift in Sources */ = {isa = PBXBuildFile; fileRef = 1E7370CF280B0DBA007C7B10 /* ProjectReferenceFactory.swift */; };
		1E7370F3280B0DBA007C7B10 /* DateFormatter+8601.swift in Sources */ = {isa = PBXBuildFile; fileRef = 1E7370D0280B0DBA007C7B10 /* DateFormatter+8601.swift */; };
		1E7370F4280B0DBA007C7B10 /* Event+extensions.swift in Sources */ = {isa = PBXBuildFile; fileRef = 1E7370D1280B0DBA007C7B10 /* Event+extensions.swift */; };
		1E7370F5280B0DBA007C7B10 /* FileAccess.swift in Sources */ = {isa = PBXBuildFile; fileRef = 1E7370D3280B0DBA007C7B10 /* FileAccess.swift */; };
		1E7370F6280B0DBA007C7B10 /* ProjectsFinder.swift in Sources */ = {isa = PBXBuildFile; fileRef = 1E7370D4280B0DBA007C7B10 /* ProjectsFinder.swift */; };
		1E7370F7280B0DBA007C7B10 /* BookmarkSaver.swift in Sources */ = {isa = PBXBuildFile; fileRef = 1E7370D5280B0DBA007C7B10 /* BookmarkSaver.swift */; };
		1E7370F8280B0DBA007C7B10 /* RealBuildLogParser.swift in Sources */ = {isa = PBXBuildFile; fileRef = 1E7370D6280B0DBA007C7B10 /* RealBuildLogParser.swift */; };
		1E7370F9280B0DBA007C7B10 /* Analyzer.swift in Sources */ = {isa = PBXBuildFile; fileRef = 1E7370D7280B0DBA007C7B10 /* Analyzer.swift */; };
		1E7370FA280B0DBA007C7B10 /* Dto.swift in Sources */ = {isa = PBXBuildFile; fileRef = 1E7370D8280B0DBA007C7B10 /* Dto.swift */; };
		1E7370FB280B0DBA007C7B10 /* StateViewController.swift in Sources */ = {isa = PBXBuildFile; fileRef = 1E7370D9280B0DBA007C7B10 /* StateViewController.swift */; };
		1E7370FC280B0DBA007C7B10 /* Project.swift in Sources */ = {isa = PBXBuildFile; fileRef = 1E7370DA280B0DBA007C7B10 /* Project.swift */; };
		1E7370FD280B0DBA007C7B10 /* FolderMonitor.swift in Sources */ = {isa = PBXBuildFile; fileRef = 1E7370DC280B0DBA007C7B10 /* FolderMonitor.swift */; };
		1E7370FE280B0DBA007C7B10 /* BuildStepCounter.swift in Sources */ = {isa = PBXBuildFile; fileRef = 1E7370DD280B0DBA007C7B10 /* BuildStepCounter.swift */; };
		1E7370FF280B0DBA007C7B10 /* FilterSettings.swift in Sources */ = {isa = PBXBuildFile; fileRef = 1E7370DE280B0DBA007C7B10 /* FilterSettings.swift */; };
		1E73714E280B0E14007C7B10 /* XCLogParserTests.swift in Sources */ = {isa = PBXBuildFile; fileRef = 1E737133280B0E13007C7B10 /* XCLogParserTests.swift */; };
		1E73714F280B0E14007C7B10 /* test_drawingTestEvents.1.png in Resources */ = {isa = PBXBuildFile; fileRef = 1E737136280B0E13007C7B10 /* test_drawingTestEvents.1.png */; };
		1E737152280B0E14007C7B10 /* test2Min.1.png in Resources */ = {isa = PBXBuildFile; fileRef = 1E73713B280B0E13007C7B10 /* test2Min.1.png */; };
		1E737153280B0E14007C7B10 /* test60Min.1.png in Resources */ = {isa = PBXBuildFile; fileRef = 1E73713C280B0E13007C7B10 /* test60Min.1.png */; };
		1E737154280B0E14007C7B10 /* test10Min.1.png in Resources */ = {isa = PBXBuildFile; fileRef = 1E73713D280B0E13007C7B10 /* test10Min.1.png */; };
		1E737155280B0E14007C7B10 /* test20Min.1.png in Resources */ = {isa = PBXBuildFile; fileRef = 1E73713E280B0E13007C7B10 /* test20Min.1.png */; };
		1E737156280B0E14007C7B10 /* test_wholFile.1.txt in Resources */ = {isa = PBXBuildFile; fileRef = 1E737140280B0E13007C7B10 /* test_wholFile.1.txt */; };
		1E73715A280B0E14007C7B10 /* EventTest.swift in Sources */ = {isa = PBXBuildFile; fileRef = 1E737145280B0E14007C7B10 /* EventTest.swift */; };
		1E73715B280B0E14007C7B10 /* GraphTests.swift in Sources */ = {isa = PBXBuildFile; fileRef = 1E737146280B0E14007C7B10 /* GraphTests.swift */; };
		1E73715C280B0E14007C7B10 /* DurationFormatterTest.swift in Sources */ = {isa = PBXBuildFile; fileRef = 1E737147280B0E14007C7B10 /* DurationFormatterTest.swift */; };
		1E73715E280B0E14007C7B10 /* TimelineLayerTests.swift in Sources */ = {isa = PBXBuildFile; fileRef = 1E737149280B0E14007C7B10 /* TimelineLayerTests.swift */; };
		1E73715F280B0E14007C7B10 /* EventDepsTests.swift in Sources */ = {isa = PBXBuildFile; fileRef = 1E73714A280B0E14007C7B10 /* EventDepsTests.swift */; };
		1E737161280B0E14007C7B10 /* PathFinderTests.swift in Sources */ = {isa = PBXBuildFile; fileRef = 1E73714C280B0E14007C7B10 /* PathFinderTests.swift */; };
		1E737162280B0E14007C7B10 /* ProjectReferenceTests.swift in Sources */ = {isa = PBXBuildFile; fileRef = 1E73714D280B0E14007C7B10 /* ProjectReferenceTests.swift */; };
		1E737171280B0F38007C7B10 /* XCLogParser in Frameworks */ = {isa = PBXBuildFile; productRef = 1E737170280B0F38007C7B10 /* XCLogParser */; };
		1E737173280B0F47007C7B10 /* GraphParser.framework in Frameworks */ = {isa = PBXBuildFile; fileRef = 1E737172280B0F47007C7B10 /* GraphParser.framework */; };
		1E737174280B0F47007C7B10 /* GraphParser.framework in Embed Frameworks */ = {isa = PBXBuildFile; fileRef = 1E737172280B0F47007C7B10 /* GraphParser.framework */; settings = {ATTRIBUTES = (CodeSignOnCopy, RemoveHeadersOnCopy, ); }; };
		1EFF82EE280D3A98000E022D /* ProjectDescriptionService.swift in Sources */ = {isa = PBXBuildFile; fileRef = 1EFF82ED280D3A98000E022D /* ProjectDescriptionService.swift */; };
		1EFF82FA280D3CFF000E022D /* UISettings.swift in Sources */ = {isa = PBXBuildFile; fileRef = 1EFF82F9280D3CFF000E022D /* UISettings.swift */; };
/* End PBXBuildFile section */

/* Begin PBXContainerItemProxy section */
		1E7370AA280B0DA4007C7B10 /* PBXContainerItemProxy */ = {
			isa = PBXContainerItemProxy;
			containerPortal = 1E737095280B0DA4007C7B10 /* Project object */;
			proxyType = 1;
			remoteGlobalIDString = 1E73709D280B0DA4007C7B10;
			remoteInfo = BuildParser;
		};
/* End PBXContainerItemProxy section */

/* Begin PBXCopyFilesBuildPhase section */
		1E737175280B0F48007C7B10 /* Embed Frameworks */ = {
			isa = PBXCopyFilesBuildPhase;
			buildActionMask = 2147483647;
			dstPath = "";
			dstSubfolderSpec = 10;
			files = (
				1E737174280B0F47007C7B10 /* GraphParser.framework in Embed Frameworks */,
			);
			name = "Embed Frameworks";
			runOnlyForDeploymentPostprocessing = 0;
		};
/* End PBXCopyFilesBuildPhase section */

/* Begin PBXFileReference section */
		1E1D7FD42819CB0100B64954 /* F5F5EB7C-FD56-4037-9959-7056E5363FCD.xcactivitylog */ = {isa = PBXFileReference; lastKnownFileType = file; path = "F5F5EB7C-FD56-4037-9959-7056E5363FCD.xcactivitylog"; sourceTree = "<group>"; };
		1E1D7FD82819CB0100B64954 /* e9f65ec2d9f99e7a6246f6ec22f1e059-targetGraph.txt */ = {isa = PBXFileReference; fileEncoding = 4; lastKnownFileType = text; path = "e9f65ec2d9f99e7a6246f6ec22f1e059-targetGraph.txt"; sourceTree = "<group>"; };
		1E1D7FDB2819CB1E00B64954 /* ParsingTests.swift */ = {isa = PBXFileReference; lastKnownFileType = sourcecode.swift; path = ParsingTests.swift; sourceTree = "<group>"; };
		1E73709E280B0DA4007C7B10 /* BuildParser.framework */ = {isa = PBXFileReference; explicitFileType = wrapper.framework; includeInIndex = 0; path = BuildParser.framework; sourceTree = BUILT_PRODUCTS_DIR; };
		1E7370A1280B0DA4007C7B10 /* BuildParser.h */ = {isa = PBXFileReference; lastKnownFileType = sourcecode.c.h; path = BuildParser.h; sourceTree = "<group>"; };
		1E7370A2280B0DA4007C7B10 /* BuildParser.docc */ = {isa = PBXFileReference; lastKnownFileType = folder.documentationcatalog; path = BuildParser.docc; sourceTree = "<group>"; };
		1E7370A8280B0DA4007C7B10 /* BuildParserTests.xctest */ = {isa = PBXFileReference; explicitFileType = wrapper.cfbundle; includeInIndex = 0; path = BuildParserTests.xctest; sourceTree = BUILT_PRODUCTS_DIR; };
		1E7370B8280B0DB9007C7B10 /* CGColor+DarkMode.swift */ = {isa = PBXFileReference; fileEncoding = 4; lastKnownFileType = sourcecode.swift; path = "CGColor+DarkMode.swift"; sourceTree = "<group>"; };
		1E7370BA280B0DBA007C7B10 /* PeriodsLayer.swift */ = {isa = PBXFileReference; fileEncoding = 4; lastKnownFileType = sourcecode.swift; path = PeriodsLayer.swift; sourceTree = "<group>"; };
		1E7370BB280B0DBA007C7B10 /* ColorDescriptionLayer.swift */ = {isa = PBXFileReference; fileEncoding = 4; lastKnownFileType = sourcecode.swift; path = ColorDescriptionLayer.swift; sourceTree = "<group>"; };
		1E7370BC280B0DBA007C7B10 /* HUDLayer.swift */ = {isa = PBXFileReference; fileEncoding = 4; lastKnownFileType = sourcecode.swift; path = HUDLayer.swift; sourceTree = "<group>"; };
		1E7370BD280B0DBA007C7B10 /* AppLayer.swift */ = {isa = PBXFileReference; fileEncoding = 4; lastKnownFileType = sourcecode.swift; path = AppLayer.swift; sourceTree = "<group>"; };
		1E7370BE280B0DBA007C7B10 /* ColorsLegendLayer.swift */ = {isa = PBXFileReference; fileEncoding = 4; lastKnownFileType = sourcecode.swift; path = ColorsLegendLayer.swift; sourceTree = "<group>"; };
		1E7370C0280B0DBA007C7B10 /* BuildStartLayer.swift */ = {isa = PBXFileReference; fileEncoding = 4; lastKnownFileType = sourcecode.swift; path = BuildStartLayer.swift; sourceTree = "<group>"; };
		1E7370C1280B0DBA007C7B10 /* ConcurrencyLayer.swift */ = {isa = PBXFileReference; fileEncoding = 4; lastKnownFileType = sourcecode.swift; path = ConcurrencyLayer.swift; sourceTree = "<group>"; };
		1E7370C2280B0DBA007C7B10 /* VerticalLineLayer.swift */ = {isa = PBXFileReference; fileEncoding = 4; lastKnownFileType = sourcecode.swift; path = VerticalLineLayer.swift; sourceTree = "<group>"; };
		1E7370C4280B0DBA007C7B10 /* DependeciesLayer.swift */ = {isa = PBXFileReference; fileEncoding = 4; lastKnownFileType = sourcecode.swift; path = DependeciesLayer.swift; sourceTree = "<group>"; };
		1E7370C5280B0DBA007C7B10 /* ModulesLayer.swift */ = {isa = PBXFileReference; fileEncoding = 4; lastKnownFileType = sourcecode.swift; path = ModulesLayer.swift; sourceTree = "<group>"; };
		1E7370C6280B0DBA007C7B10 /* EventLayer.swift */ = {isa = PBXFileReference; fileEncoding = 4; lastKnownFileType = sourcecode.swift; path = EventLayer.swift; sourceTree = "<group>"; };
		1E7370C7280B0DBA007C7B10 /* TimelineLayer.swift */ = {isa = PBXFileReference; fileEncoding = 4; lastKnownFileType = sourcecode.swift; path = TimelineLayer.swift; sourceTree = "<group>"; };
		1E7370C8280B0DBA007C7B10 /* Colors.swift */ = {isa = PBXFileReference; fileEncoding = 4; lastKnownFileType = sourcecode.swift; path = Colors.swift; sourceTree = "<group>"; };
		1E7370C9280B0DBA007C7B10 /* EventRelativeRect.swift */ = {isa = PBXFileReference; fileEncoding = 4; lastKnownFileType = sourcecode.swift; path = EventRelativeRect.swift; sourceTree = "<group>"; };
		1E7370CB280B0DBA007C7B10 /* Storage.swift */ = {isa = PBXFileReference; fileEncoding = 4; lastKnownFileType = sourcecode.swift; path = Storage.swift; sourceTree = "<group>"; };
		1E7370CC280B0DBA007C7B10 /* DurationFormatter.swift */ = {isa = PBXFileReference; fileEncoding = 4; lastKnownFileType = sourcecode.swift; path = DurationFormatter.swift; sourceTree = "<group>"; };
		1E7370CD280B0DBA007C7B10 /* ProjectReference.swift */ = {isa = PBXFileReference; fileEncoding = 4; lastKnownFileType = sourcecode.swift; path = ProjectReference.swift; sourceTree = "<group>"; };
		1E7370CE280B0DBA007C7B10 /* Event.swift */ = {isa = PBXFileReference; fileEncoding = 4; lastKnownFileType = sourcecode.swift; path = Event.swift; sourceTree = "<group>"; };
		1E7370CF280B0DBA007C7B10 /* ProjectReferenceFactory.swift */ = {isa = PBXFileReference; fileEncoding = 4; lastKnownFileType = sourcecode.swift; path = ProjectReferenceFactory.swift; sourceTree = "<group>"; };
		1E7370D0280B0DBA007C7B10 /* DateFormatter+8601.swift */ = {isa = PBXFileReference; fileEncoding = 4; lastKnownFileType = sourcecode.swift; path = "DateFormatter+8601.swift"; sourceTree = "<group>"; };
		1E7370D1280B0DBA007C7B10 /* Event+extensions.swift */ = {isa = PBXFileReference; fileEncoding = 4; lastKnownFileType = sourcecode.swift; path = "Event+extensions.swift"; sourceTree = "<group>"; };
		1E7370D3280B0DBA007C7B10 /* FileAccess.swift */ = {isa = PBXFileReference; fileEncoding = 4; lastKnownFileType = sourcecode.swift; path = FileAccess.swift; sourceTree = "<group>"; };
		1E7370D4280B0DBA007C7B10 /* ProjectsFinder.swift */ = {isa = PBXFileReference; fileEncoding = 4; lastKnownFileType = sourcecode.swift; path = ProjectsFinder.swift; sourceTree = "<group>"; };
		1E7370D5280B0DBA007C7B10 /* BookmarkSaver.swift */ = {isa = PBXFileReference; fileEncoding = 4; lastKnownFileType = sourcecode.swift; path = BookmarkSaver.swift; sourceTree = "<group>"; };
		1E7370D6280B0DBA007C7B10 /* RealBuildLogParser.swift */ = {isa = PBXFileReference; fileEncoding = 4; lastKnownFileType = sourcecode.swift; path = RealBuildLogParser.swift; sourceTree = "<group>"; };
		1E7370D7280B0DBA007C7B10 /* Analyzer.swift */ = {isa = PBXFileReference; fileEncoding = 4; lastKnownFileType = sourcecode.swift; path = Analyzer.swift; sourceTree = "<group>"; };
		1E7370D8280B0DBA007C7B10 /* Dto.swift */ = {isa = PBXFileReference; fileEncoding = 4; lastKnownFileType = sourcecode.swift; path = Dto.swift; sourceTree = "<group>"; };
		1E7370D9280B0DBA007C7B10 /* StateViewController.swift */ = {isa = PBXFileReference; fileEncoding = 4; lastKnownFileType = sourcecode.swift; path = StateViewController.swift; sourceTree = "<group>"; };
		1E7370DA280B0DBA007C7B10 /* Project.swift */ = {isa = PBXFileReference; fileEncoding = 4; lastKnownFileType = sourcecode.swift; path = Project.swift; sourceTree = "<group>"; };
		1E7370DC280B0DBA007C7B10 /* FolderMonitor.swift */ = {isa = PBXFileReference; fileEncoding = 4; lastKnownFileType = sourcecode.swift; path = FolderMonitor.swift; sourceTree = "<group>"; };
		1E7370DD280B0DBA007C7B10 /* BuildStepCounter.swift */ = {isa = PBXFileReference; fileEncoding = 4; lastKnownFileType = sourcecode.swift; path = BuildStepCounter.swift; sourceTree = "<group>"; };
		1E7370DE280B0DBA007C7B10 /* FilterSettings.swift */ = {isa = PBXFileReference; fileEncoding = 4; lastKnownFileType = sourcecode.swift; path = FilterSettings.swift; sourceTree = "<group>"; };
		1E737133280B0E13007C7B10 /* XCLogParserTests.swift */ = {isa = PBXFileReference; fileEncoding = 4; lastKnownFileType = sourcecode.swift; path = XCLogParserTests.swift; sourceTree = "<group>"; };
		1E737136280B0E13007C7B10 /* test_drawingTestEvents.1.png */ = {isa = PBXFileReference; lastKnownFileType = image.png; path = test_drawingTestEvents.1.png; sourceTree = "<group>"; };
		1E737137280B0E13007C7B10 /* test_drawingAppEvents.1.png */ = {isa = PBXFileReference; lastKnownFileType = image.png; path = test_drawingAppEvents.1.png; sourceTree = "<group>"; };
		1E737139280B0E13007C7B10 /* test_drawingTestEvents.1.png */ = {isa = PBXFileReference; lastKnownFileType = image.png; path = test_drawingTestEvents.1.png; sourceTree = "<group>"; };
		1E73713B280B0E13007C7B10 /* test2Min.1.png */ = {isa = PBXFileReference; lastKnownFileType = image.png; path = test2Min.1.png; sourceTree = "<group>"; };
		1E73713C280B0E13007C7B10 /* test60Min.1.png */ = {isa = PBXFileReference; lastKnownFileType = image.png; path = test60Min.1.png; sourceTree = "<group>"; };
		1E73713D280B0E13007C7B10 /* test10Min.1.png */ = {isa = PBXFileReference; lastKnownFileType = image.png; path = test10Min.1.png; sourceTree = "<group>"; };
		1E73713E280B0E13007C7B10 /* test20Min.1.png */ = {isa = PBXFileReference; lastKnownFileType = image.png; path = test20Min.1.png; sourceTree = "<group>"; };
		1E737140280B0E13007C7B10 /* test_wholFile.1.txt */ = {isa = PBXFileReference; fileEncoding = 4; lastKnownFileType = text; path = test_wholFile.1.txt; sourceTree = "<group>"; };
		1E737145280B0E14007C7B10 /* EventTest.swift */ = {isa = PBXFileReference; fileEncoding = 4; lastKnownFileType = sourcecode.swift; path = EventTest.swift; sourceTree = "<group>"; };
		1E737146280B0E14007C7B10 /* GraphTests.swift */ = {isa = PBXFileReference; fileEncoding = 4; lastKnownFileType = sourcecode.swift; path = GraphTests.swift; sourceTree = "<group>"; };
		1E737147280B0E14007C7B10 /* DurationFormatterTest.swift */ = {isa = PBXFileReference; fileEncoding = 4; lastKnownFileType = sourcecode.swift; path = DurationFormatterTest.swift; sourceTree = "<group>"; };
		1E737149280B0E14007C7B10 /* TimelineLayerTests.swift */ = {isa = PBXFileReference; fileEncoding = 4; lastKnownFileType = sourcecode.swift; path = TimelineLayerTests.swift; sourceTree = "<group>"; };
		1E73714A280B0E14007C7B10 /* EventDepsTests.swift */ = {isa = PBXFileReference; fileEncoding = 4; lastKnownFileType = sourcecode.swift; path = EventDepsTests.swift; sourceTree = "<group>"; };
		1E73714C280B0E14007C7B10 /* PathFinderTests.swift */ = {isa = PBXFileReference; fileEncoding = 4; lastKnownFileType = sourcecode.swift; path = PathFinderTests.swift; sourceTree = "<group>"; };
		1E73714D280B0E14007C7B10 /* ProjectReferenceTests.swift */ = {isa = PBXFileReference; fileEncoding = 4; lastKnownFileType = sourcecode.swift; path = ProjectReferenceTests.swift; sourceTree = "<group>"; };
		1E737172280B0F47007C7B10 /* GraphParser.framework */ = {isa = PBXFileReference; explicitFileType = wrapper.framework; path = GraphParser.framework; sourceTree = BUILT_PRODUCTS_DIR; };
		1EFF82ED280D3A98000E022D /* ProjectDescriptionService.swift */ = {isa = PBXFileReference; fileEncoding = 4; lastKnownFileType = sourcecode.swift; path = ProjectDescriptionService.swift; sourceTree = "<group>"; };
		1EFF82F9280D3CFF000E022D /* UISettings.swift */ = {isa = PBXFileReference; fileEncoding = 4; lastKnownFileType = sourcecode.swift; path = UISettings.swift; sourceTree = "<group>"; };
/* End PBXFileReference section */

/* Begin PBXFrameworksBuildPhase section */
		1E73709B280B0DA4007C7B10 /* Frameworks */ = {
			isa = PBXFrameworksBuildPhase;
			buildActionMask = 2147483647;
			files = (
				1E737173280B0F47007C7B10 /* GraphParser.framework in Frameworks */,
				1E737171280B0F38007C7B10 /* XCLogParser in Frameworks */,
			);
			runOnlyForDeploymentPostprocessing = 0;
		};
		1E7370A5280B0DA4007C7B10 /* Frameworks */ = {
			isa = PBXFrameworksBuildPhase;
			buildActionMask = 2147483647;
			files = (
				1E7370A9280B0DA4007C7B10 /* BuildParser.framework in Frameworks */,
				1E1D7FD02819C7F500B64954 /* CustomDump in Frameworks */,
				1E1D7FCD2819C7A900B64954 /* SnapshotTesting in Frameworks */,
			);
			runOnlyForDeploymentPostprocessing = 0;
		};
/* End PBXFrameworksBuildPhase section */

/* Begin PBXGroup section */
		1E1D7FD12819CB0100B64954 /* PaymentSDK.bgbuildsnapshot */ = {
			isa = PBXGroup;
			children = (
				1E1D7FD22819CB0100B64954 /* Logs */,
				1E1D7FD52819CB0100B64954 /* Build */,
			);
			path = PaymentSDK.bgbuildsnapshot;
			sourceTree = "<group>";
		};
		1E1D7FD22819CB0100B64954 /* Logs */ = {
			isa = PBXGroup;
			children = (
				1E1D7FD32819CB0100B64954 /* Build */,
			);
			path = Logs;
			sourceTree = "<group>";
		};
		1E1D7FD32819CB0100B64954 /* Build */ = {
			isa = PBXGroup;
			children = (
				1E1D7FD42819CB0100B64954 /* F5F5EB7C-FD56-4037-9959-7056E5363FCD.xcactivitylog */,
			);
			path = Build;
			sourceTree = "<group>";
		};
		1E1D7FD52819CB0100B64954 /* Build */ = {
			isa = PBXGroup;
			children = (
				1E1D7FD62819CB0100B64954 /* Intermediates.noindex */,
			);
			path = Build;
			sourceTree = "<group>";
		};
		1E1D7FD62819CB0100B64954 /* Intermediates.noindex */ = {
			isa = PBXGroup;
			children = (
				1E1D7FD72819CB0100B64954 /* XCBuildData */,
			);
			path = Intermediates.noindex;
			sourceTree = "<group>";
		};
		1E1D7FD72819CB0100B64954 /* XCBuildData */ = {
			isa = PBXGroup;
			children = (
				1E1D7FD82819CB0100B64954 /* e9f65ec2d9f99e7a6246f6ec22f1e059-targetGraph.txt */,
			);
			path = XCBuildData;
			sourceTree = "<group>";
		};
		1E737094280B0DA4007C7B10 = {
			isa = PBXGroup;
			children = (
				1E7370A0280B0DA4007C7B10 /* BuildParser */,
				1E7370AC280B0DA4007C7B10 /* BuildParserTests */,
				1E73709F280B0DA4007C7B10 /* Products */,
				1E73716F280B0F38007C7B10 /* Frameworks */,
			);
			sourceTree = "<group>";
		};
		1E73709F280B0DA4007C7B10 /* Products */ = {
			isa = PBXGroup;
			children = (
				1E73709E280B0DA4007C7B10 /* BuildParser.framework */,
				1E7370A8280B0DA4007C7B10 /* BuildParserTests.xctest */,
			);
			name = Products;
			sourceTree = "<group>";
		};
		1E7370A0280B0DA4007C7B10 /* BuildParser */ = {
			isa = PBXGroup;
			children = (
				1E7370A1280B0DA4007C7B10 /* BuildParser.h */,
				1E7370CA280B0DBA007C7B10 /* Domain */,
				1E7370B9280B0DBA007C7B10 /* Layers */,
				1E7370B8280B0DB9007C7B10 /* CGColor+DarkMode.swift */,
				1E7370C8280B0DBA007C7B10 /* Colors.swift */,
				1E7370C9280B0DBA007C7B10 /* EventRelativeRect.swift */,
				1E7370A2280B0DA4007C7B10 /* BuildParser.docc */,
			);
			path = BuildParser;
			sourceTree = "<group>";
		};
		1E7370AC280B0DA4007C7B10 /* BuildParserTests */ = {
			isa = PBXGroup;
			children = (
				1E737134280B0E13007C7B10 /* __Snapshots__ */,
				1E737142280B0E14007C7B10 /* Samples */,
				1E737147280B0E14007C7B10 /* DurationFormatterTest.swift */,
				1E1D7FDB2819CB1E00B64954 /* ParsingTests.swift */,
				1E73714A280B0E14007C7B10 /* EventDepsTests.swift */,
				1E737145280B0E14007C7B10 /* EventTest.swift */,
				1E737146280B0E14007C7B10 /* GraphTests.swift */,
				1E73714C280B0E14007C7B10 /* PathFinderTests.swift */,
				1E73714D280B0E14007C7B10 /* ProjectReferenceTests.swift */,
				1E737149280B0E14007C7B10 /* TimelineLayerTests.swift */,
				1E737133280B0E13007C7B10 /* XCLogParserTests.swift */,
			);
			path = BuildParserTests;
			sourceTree = "<group>";
		};
		1E7370B9280B0DBA007C7B10 /* Layers */ = {
			isa = PBXGroup;
			children = (
				1E7370BA280B0DBA007C7B10 /* PeriodsLayer.swift */,
				1E7370BB280B0DBA007C7B10 /* ColorDescriptionLayer.swift */,
				1E7370BC280B0DBA007C7B10 /* HUDLayer.swift */,
				1E7370BD280B0DBA007C7B10 /* AppLayer.swift */,
				1E7370BE280B0DBA007C7B10 /* ColorsLegendLayer.swift */,
				1E7370BF280B0DBA007C7B10 /* Vertical lines */,
				1E7370C3280B0DBA007C7B10 /* Modules */,
				1E7370C7280B0DBA007C7B10 /* TimelineLayer.swift */,
			);
			path = Layers;
			sourceTree = "<group>";
		};
		1E7370BF280B0DBA007C7B10 /* Vertical lines */ = {
			isa = PBXGroup;
			children = (
				1E7370C0280B0DBA007C7B10 /* BuildStartLayer.swift */,
				1E7370C1280B0DBA007C7B10 /* ConcurrencyLayer.swift */,
				1E7370C2280B0DBA007C7B10 /* VerticalLineLayer.swift */,
			);
			path = "Vertical lines";
			sourceTree = "<group>";
		};
		1E7370C3280B0DBA007C7B10 /* Modules */ = {
			isa = PBXGroup;
			children = (
				1E7370C4280B0DBA007C7B10 /* DependeciesLayer.swift */,
				1E7370C5280B0DBA007C7B10 /* ModulesLayer.swift */,
				1E7370C6280B0DBA007C7B10 /* EventLayer.swift */,
			);
			path = Modules;
			sourceTree = "<group>";
		};
		1E7370CA280B0DBA007C7B10 /* Domain */ = {
			isa = PBXGroup;
			children = (
				1E7370CB280B0DBA007C7B10 /* Storage.swift */,
				1EFF82ED280D3A98000E022D /* ProjectDescriptionService.swift */,
				1E7370CC280B0DBA007C7B10 /* DurationFormatter.swift */,
				1E7370CD280B0DBA007C7B10 /* ProjectReference.swift */,
				1E7370CE280B0DBA007C7B10 /* Event.swift */,
				1E7370CF280B0DBA007C7B10 /* ProjectReferenceFactory.swift */,
				1E7370D0280B0DBA007C7B10 /* DateFormatter+8601.swift */,
				1E7370D1280B0DBA007C7B10 /* Event+extensions.swift */,
				1E7370D2280B0DBA007C7B10 /* Projects */,
				1E7370D6280B0DBA007C7B10 /* RealBuildLogParser.swift */,
				1E7370D7280B0DBA007C7B10 /* Analyzer.swift */,
				1E7370D8280B0DBA007C7B10 /* Dto.swift */,
				1E7370D9280B0DBA007C7B10 /* StateViewController.swift */,
				1E7370DA280B0DBA007C7B10 /* Project.swift */,
				1E7370DB280B0DBA007C7B10 /* Common */,
				1E7370DC280B0DBA007C7B10 /* FolderMonitor.swift */,
				1E7370DD280B0DBA007C7B10 /* BuildStepCounter.swift */,
				1EFF82F9280D3CFF000E022D /* UISettings.swift */,
				1E7370DE280B0DBA007C7B10 /* FilterSettings.swift */,
			);
			path = Domain;
			sourceTree = "<group>";
		};
		1E7370D2280B0DBA007C7B10 /* Projects */ = {
			isa = PBXGroup;
			children = (
				1E7370D3280B0DBA007C7B10 /* FileAccess.swift */,
				1E7370D4280B0DBA007C7B10 /* ProjectsFinder.swift */,
				1E7370D5280B0DBA007C7B10 /* BookmarkSaver.swift */,
			);
			path = Projects;
			sourceTree = "<group>";
		};
		1E7370DB280B0DBA007C7B10 /* Common */ = {
			isa = PBXGroup;
			children = (
			);
			path = Common;
			sourceTree = "<group>";
		};
		1E737134280B0E13007C7B10 /* __Snapshots__ */ = {
			isa = PBXGroup;
			children = (
				1E737135280B0E13007C7B10 /* GraphTests */,
				1E737138280B0E13007C7B10 /* BuildParserTests */,
				1E73713A280B0E13007C7B10 /* TimelineLayerTests */,
				1E73713F280B0E13007C7B10 /* BuildGraphTests */,
			);
			path = __Snapshots__;
			sourceTree = "<group>";
		};
		1E737135280B0E13007C7B10 /* GraphTests */ = {
			isa = PBXGroup;
			children = (
				1E737136280B0E13007C7B10 /* test_drawingTestEvents.1.png */,
				1E737137280B0E13007C7B10 /* test_drawingAppEvents.1.png */,
			);
			path = GraphTests;
			sourceTree = "<group>";
		};
		1E737138280B0E13007C7B10 /* BuildParserTests */ = {
			isa = PBXGroup;
			children = (
				1E737139280B0E13007C7B10 /* test_drawingTestEvents.1.png */,
			);
			path = BuildParserTests;
			sourceTree = "<group>";
		};
		1E73713A280B0E13007C7B10 /* TimelineLayerTests */ = {
			isa = PBXGroup;
			children = (
				1E73713B280B0E13007C7B10 /* test2Min.1.png */,
				1E73713C280B0E13007C7B10 /* test60Min.1.png */,
				1E73713D280B0E13007C7B10 /* test10Min.1.png */,
				1E73713E280B0E13007C7B10 /* test20Min.1.png */,
			);
			path = TimelineLayerTests;
			sourceTree = "<group>";
		};
		1E73713F280B0E13007C7B10 /* BuildGraphTests */ = {
			isa = PBXGroup;
			children = (
				1E737140280B0E13007C7B10 /* test_wholFile.1.txt */,
			);
			path = BuildGraphTests;
			sourceTree = "<group>";
		};
		1E737142280B0E14007C7B10 /* Samples */ = {
			isa = PBXGroup;
			children = (
				1E1D7FD12819CB0100B64954 /* PaymentSDK.bgbuildsnapshot */,
			);
			path = Samples;
			sourceTree = "<group>";
		};
		1E73716F280B0F38007C7B10 /* Frameworks */ = {
			isa = PBXGroup;
			children = (
				1E737172280B0F47007C7B10 /* GraphParser.framework */,
			);
			name = Frameworks;
			sourceTree = "<group>";
		};
/* End PBXGroup section */

/* Begin PBXHeadersBuildPhase section */
		1E737099280B0DA4007C7B10 /* Headers */ = {
			isa = PBXHeadersBuildPhase;
			buildActionMask = 2147483647;
			files = (
				1E7370AF280B0DA4007C7B10 /* BuildParser.h in Headers */,
			);
			runOnlyForDeploymentPostprocessing = 0;
		};
/* End PBXHeadersBuildPhase section */

/* Begin PBXNativeTarget section */
		1E73709D280B0DA4007C7B10 /* BuildParser */ = {
			isa = PBXNativeTarget;
			buildConfigurationList = 1E7370B2280B0DA4007C7B10 /* Build configuration list for PBXNativeTarget "BuildParser" */;
			buildPhases = (
				1E737099280B0DA4007C7B10 /* Headers */,
				1E73709A280B0DA4007C7B10 /* Sources */,
				1E73709B280B0DA4007C7B10 /* Frameworks */,
				1E73709C280B0DA4007C7B10 /* Resources */,
				1E737175280B0F48007C7B10 /* Embed Frameworks */,
			);
			buildRules = (
			);
			dependencies = (
			);
			name = BuildParser;
			packageProductDependencies = (
				1E737170280B0F38007C7B10 /* XCLogParser */,
			);
			productName = BuildParser;
			productReference = 1E73709E280B0DA4007C7B10 /* BuildParser.framework */;
			productType = "com.apple.product-type.framework";
		};
		1E7370A7280B0DA4007C7B10 /* BuildParserTests */ = {
			isa = PBXNativeTarget;
			buildConfigurationList = 1E7370B5280B0DA4007C7B10 /* Build configuration list for PBXNativeTarget "BuildParserTests" */;
			buildPhases = (
				1E7370A4280B0DA4007C7B10 /* Sources */,
				1E7370A5280B0DA4007C7B10 /* Frameworks */,
				1E7370A6280B0DA4007C7B10 /* Resources */,
			);
			buildRules = (
			);
			dependencies = (
				1E7370AB280B0DA4007C7B10 /* PBXTargetDependency */,
			);
			name = BuildParserTests;
			packageProductDependencies = (
				1E1D7FCC2819C7A900B64954 /* SnapshotTesting */,
				1E1D7FCF2819C7F500B64954 /* CustomDump */,
			);
			productName = BuildParserTests;
			productReference = 1E7370A8280B0DA4007C7B10 /* BuildParserTests.xctest */;
			productType = "com.apple.product-type.bundle.unit-test";
		};
/* End PBXNativeTarget section */

/* Begin PBXProject section */
		1E737095280B0DA4007C7B10 /* Project object */ = {
			isa = PBXProject;
			attributes = {
				BuildIndependentTargetsInParallel = 1;
				LastSwiftUpdateCheck = 1320;
				LastUpgradeCheck = 1320;
				TargetAttributes = {
					1E73709D280B0DA4007C7B10 = {
						CreatedOnToolsVersion = 13.2.1;
					};
					1E7370A7280B0DA4007C7B10 = {
						CreatedOnToolsVersion = 13.2.1;
					};
				};
			};
			buildConfigurationList = 1E737098280B0DA4007C7B10 /* Build configuration list for PBXProject "BuildParser" */;
			compatibilityVersion = "Xcode 13.0";
			developmentRegion = en;
			hasScannedForEncodings = 0;
			knownRegions = (
				en,
				Base,
			);
			mainGroup = 1E737094280B0DA4007C7B10;
			packageReferences = (
				1E1D7FCB2819C7A900B64954 /* XCRemoteSwiftPackageReference "swift-snapshot-testing" */,
				1E1D7FCE2819C7F500B64954 /* XCRemoteSwiftPackageReference "swift-custom-dump" */,
			);
			productRefGroup = 1E73709F280B0DA4007C7B10 /* Products */;
			projectDirPath = "";
			projectRoot = "";
			targets = (
				1E73709D280B0DA4007C7B10 /* BuildParser */,
				1E7370A7280B0DA4007C7B10 /* BuildParserTests */,
			);
		};
/* End PBXProject section */

/* Begin PBXResourcesBuildPhase section */
		1E73709C280B0DA4007C7B10 /* Resources */ = {
			isa = PBXResourcesBuildPhase;
			buildActionMask = 2147483647;
			files = (
			);
			runOnlyForDeploymentPostprocessing = 0;
		};
		1E7370A6280B0DA4007C7B10 /* Resources */ = {
			isa = PBXResourcesBuildPhase;
			buildActionMask = 2147483647;
			files = (
				1E737156280B0E14007C7B10 /* test_wholFile.1.txt in Resources */,
				1E73714F280B0E14007C7B10 /* test_drawingTestEvents.1.png in Resources */,
				1E737155280B0E14007C7B10 /* test20Min.1.png in Resources */,
				1E1D7FDA2819CB0100B64954 /* e9f65ec2d9f99e7a6246f6ec22f1e059-targetGraph.txt in Resources */,
				1E737154280B0E14007C7B10 /* test10Min.1.png in Resources */,
				1E737152280B0E14007C7B10 /* test2Min.1.png in Resources */,
				1E737153280B0E14007C7B10 /* test60Min.1.png in Resources */,
				1E1D7FD92819CB0100B64954 /* F5F5EB7C-FD56-4037-9959-7056E5363FCD.xcactivitylog in Resources */,
			);
			runOnlyForDeploymentPostprocessing = 0;
		};
/* End PBXResourcesBuildPhase section */

/* Begin PBXSourcesBuildPhase section */
		1E73709A280B0DA4007C7B10 /* Sources */ = {
			isa = PBXSourcesBuildPhase;
			buildActionMask = 2147483647;
			files = (
				1E7370DF280B0DBA007C7B10 /* CGColor+DarkMode.swift in Sources */,
				1E7370F7280B0DBA007C7B10 /* BookmarkSaver.swift in Sources */,
				1E7370F8280B0DBA007C7B10 /* RealBuildLogParser.swift in Sources */,
				1E7370EC280B0DBA007C7B10 /* Colors.swift in Sources */,
				1E7370E6280B0DBA007C7B10 /* ConcurrencyLayer.swift in Sources */,
				1E7370EA280B0DBA007C7B10 /* EventLayer.swift in Sources */,
				1E7370F1280B0DBA007C7B10 /* Event.swift in Sources */,
				1E7370E0280B0DBA007C7B10 /* PeriodsLayer.swift in Sources */,
				1E7370FF280B0DBA007C7B10 /* FilterSettings.swift in Sources */,
				1E7370E7280B0DBA007C7B10 /* VerticalLineLayer.swift in Sources */,
				1E7370E1280B0DBA007C7B10 /* ColorDescriptionLayer.swift in Sources */,
				1EFF82EE280D3A98000E022D /* ProjectDescriptionService.swift in Sources */,
				1E7370F6280B0DBA007C7B10 /* ProjectsFinder.swift in Sources */,
				1E7370EB280B0DBA007C7B10 /* TimelineLayer.swift in Sources */,
				1E7370E5280B0DBA007C7B10 /* BuildStartLayer.swift in Sources */,
				1E7370E3280B0DBA007C7B10 /* AppLayer.swift in Sources */,
				1E7370F2280B0DBA007C7B10 /* ProjectReferenceFactory.swift in Sources */,
				1E7370E4280B0DBA007C7B10 /* ColorsLegendLayer.swift in Sources */,
				1E7370F4280B0DBA007C7B10 /* Event+extensions.swift in Sources */,
				1E7370FE280B0DBA007C7B10 /* BuildStepCounter.swift in Sources */,
				1E7370E8280B0DBA007C7B10 /* DependeciesLayer.swift in Sources */,
				1E7370FD280B0DBA007C7B10 /* FolderMonitor.swift in Sources */,
				1E7370EF280B0DBA007C7B10 /* DurationFormatter.swift in Sources */,
				1E7370E2280B0DBA007C7B10 /* HUDLayer.swift in Sources */,
				1E7370A3280B0DA4007C7B10 /* BuildParser.docc in Sources */,
				1E7370F3280B0DBA007C7B10 /* DateFormatter+8601.swift in Sources */,
				1EFF82FA280D3CFF000E022D /* UISettings.swift in Sources */,
				1E7370FC280B0DBA007C7B10 /* Project.swift in Sources */,
				1E7370ED280B0DBA007C7B10 /* EventRelativeRect.swift in Sources */,
				1E7370F9280B0DBA007C7B10 /* Analyzer.swift in Sources */,
				1E7370FB280B0DBA007C7B10 /* StateViewController.swift in Sources */,
				1E7370F0280B0DBA007C7B10 /* ProjectReference.swift in Sources */,
				1E7370F5280B0DBA007C7B10 /* FileAccess.swift in Sources */,
				1E7370EE280B0DBA007C7B10 /* Storage.swift in Sources */,
				1E7370E9280B0DBA007C7B10 /* ModulesLayer.swift in Sources */,
				1E7370FA280B0DBA007C7B10 /* Dto.swift in Sources */,
			);
			runOnlyForDeploymentPostprocessing = 0;
		};
		1E7370A4280B0DA4007C7B10 /* Sources */ = {
			isa = PBXSourcesBuildPhase;
			buildActionMask = 2147483647;
			files = (
				1E73715B280B0E14007C7B10 /* GraphTests.swift in Sources */,
				1E73715F280B0E14007C7B10 /* EventDepsTests.swift in Sources */,
				1E73715C280B0E14007C7B10 /* DurationFormatterTest.swift in Sources */,
				1E73715A280B0E14007C7B10 /* EventTest.swift in Sources */,
				1E73714E280B0E14007C7B10 /* XCLogParserTests.swift in Sources */,
				1E73715E280B0E14007C7B10 /* TimelineLayerTests.swift in Sources */,
				1E737161280B0E14007C7B10 /* PathFinderTests.swift in Sources */,
				1E737162280B0E14007C7B10 /* ProjectReferenceTests.swift in Sources */,
				1E1D7FDC2819CB1E00B64954 /* ParsingTests.swift in Sources */,
			);
			runOnlyForDeploymentPostprocessing = 0;
		};
/* End PBXSourcesBuildPhase section */

/* Begin PBXTargetDependency section */
		1E7370AB280B0DA4007C7B10 /* PBXTargetDependency */ = {
			isa = PBXTargetDependency;
			target = 1E73709D280B0DA4007C7B10 /* BuildParser */;
			targetProxy = 1E7370AA280B0DA4007C7B10 /* PBXContainerItemProxy */;
		};
/* End PBXTargetDependency section */

/* Begin XCBuildConfiguration section */
		1E7370B0280B0DA4007C7B10 /* Debug */ = {
			isa = XCBuildConfiguration;
			buildSettings = {
				ALWAYS_SEARCH_USER_PATHS = NO;
				CLANG_ANALYZER_NONNULL = YES;
				CLANG_ANALYZER_NUMBER_OBJECT_CONVERSION = YES_AGGRESSIVE;
				CLANG_CXX_LANGUAGE_STANDARD = "gnu++17";
				CLANG_CXX_LIBRARY = "libc++";
				CLANG_ENABLE_MODULES = YES;
				CLANG_ENABLE_OBJC_ARC = YES;
				CLANG_ENABLE_OBJC_WEAK = YES;
				CLANG_WARN_BLOCK_CAPTURE_AUTORELEASING = YES;
				CLANG_WARN_BOOL_CONVERSION = YES;
				CLANG_WARN_COMMA = YES;
				CLANG_WARN_CONSTANT_CONVERSION = YES;
				CLANG_WARN_DEPRECATED_OBJC_IMPLEMENTATIONS = YES;
				CLANG_WARN_DIRECT_OBJC_ISA_USAGE = YES_ERROR;
				CLANG_WARN_DOCUMENTATION_COMMENTS = YES;
				CLANG_WARN_EMPTY_BODY = YES;
				CLANG_WARN_ENUM_CONVERSION = YES;
				CLANG_WARN_INFINITE_RECURSION = YES;
				CLANG_WARN_INT_CONVERSION = YES;
				CLANG_WARN_NON_LITERAL_NULL_CONVERSION = YES;
				CLANG_WARN_OBJC_IMPLICIT_RETAIN_SELF = YES;
				CLANG_WARN_OBJC_LITERAL_CONVERSION = YES;
				CLANG_WARN_OBJC_ROOT_CLASS = YES_ERROR;
				CLANG_WARN_QUOTED_INCLUDE_IN_FRAMEWORK_HEADER = YES;
				CLANG_WARN_RANGE_LOOP_ANALYSIS = YES;
				CLANG_WARN_STRICT_PROTOTYPES = YES;
				CLANG_WARN_SUSPICIOUS_MOVE = YES;
				CLANG_WARN_UNGUARDED_AVAILABILITY = YES_AGGRESSIVE;
				CLANG_WARN_UNREACHABLE_CODE = YES;
				CLANG_WARN__DUPLICATE_METHOD_MATCH = YES;
				COPY_PHASE_STRIP = NO;
				CURRENT_PROJECT_VERSION = 1;
				DEBUG_INFORMATION_FORMAT = dwarf;
				ENABLE_STRICT_OBJC_MSGSEND = YES;
				ENABLE_TESTABILITY = YES;
				GCC_C_LANGUAGE_STANDARD = gnu11;
				GCC_DYNAMIC_NO_PIC = NO;
				GCC_NO_COMMON_BLOCKS = YES;
				GCC_OPTIMIZATION_LEVEL = 0;
				GCC_PREPROCESSOR_DEFINITIONS = (
					"DEBUG=1",
					"$(inherited)",
				);
				GCC_WARN_64_TO_32_BIT_CONVERSION = YES;
				GCC_WARN_ABOUT_RETURN_TYPE = YES_ERROR;
				GCC_WARN_UNDECLARED_SELECTOR = YES;
				GCC_WARN_UNINITIALIZED_AUTOS = YES_AGGRESSIVE;
				GCC_WARN_UNUSED_FUNCTION = YES;
				GCC_WARN_UNUSED_VARIABLE = YES;
				MACOSX_DEPLOYMENT_TARGET = 11.3;
				MTL_ENABLE_DEBUG_INFO = INCLUDE_SOURCE;
				MTL_FAST_MATH = YES;
				ONLY_ACTIVE_ARCH = YES;
				SDKROOT = macosx;
				SWIFT_ACTIVE_COMPILATION_CONDITIONS = DEBUG;
				SWIFT_OPTIMIZATION_LEVEL = "-Onone";
				VERSIONING_SYSTEM = "apple-generic";
				VERSION_INFO_PREFIX = "";
			};
			name = Debug;
		};
		1E7370B1280B0DA4007C7B10 /* Release */ = {
			isa = XCBuildConfiguration;
			buildSettings = {
				ALWAYS_SEARCH_USER_PATHS = NO;
				CLANG_ANALYZER_NONNULL = YES;
				CLANG_ANALYZER_NUMBER_OBJECT_CONVERSION = YES_AGGRESSIVE;
				CLANG_CXX_LANGUAGE_STANDARD = "gnu++17";
				CLANG_CXX_LIBRARY = "libc++";
				CLANG_ENABLE_MODULES = YES;
				CLANG_ENABLE_OBJC_ARC = YES;
				CLANG_ENABLE_OBJC_WEAK = YES;
				CLANG_WARN_BLOCK_CAPTURE_AUTORELEASING = YES;
				CLANG_WARN_BOOL_CONVERSION = YES;
				CLANG_WARN_COMMA = YES;
				CLANG_WARN_CONSTANT_CONVERSION = YES;
				CLANG_WARN_DEPRECATED_OBJC_IMPLEMENTATIONS = YES;
				CLANG_WARN_DIRECT_OBJC_ISA_USAGE = YES_ERROR;
				CLANG_WARN_DOCUMENTATION_COMMENTS = YES;
				CLANG_WARN_EMPTY_BODY = YES;
				CLANG_WARN_ENUM_CONVERSION = YES;
				CLANG_WARN_INFINITE_RECURSION = YES;
				CLANG_WARN_INT_CONVERSION = YES;
				CLANG_WARN_NON_LITERAL_NULL_CONVERSION = YES;
				CLANG_WARN_OBJC_IMPLICIT_RETAIN_SELF = YES;
				CLANG_WARN_OBJC_LITERAL_CONVERSION = YES;
				CLANG_WARN_OBJC_ROOT_CLASS = YES_ERROR;
				CLANG_WARN_QUOTED_INCLUDE_IN_FRAMEWORK_HEADER = YES;
				CLANG_WARN_RANGE_LOOP_ANALYSIS = YES;
				CLANG_WARN_STRICT_PROTOTYPES = YES;
				CLANG_WARN_SUSPICIOUS_MOVE = YES;
				CLANG_WARN_UNGUARDED_AVAILABILITY = YES_AGGRESSIVE;
				CLANG_WARN_UNREACHABLE_CODE = YES;
				CLANG_WARN__DUPLICATE_METHOD_MATCH = YES;
				COPY_PHASE_STRIP = NO;
				CURRENT_PROJECT_VERSION = 1;
				DEBUG_INFORMATION_FORMAT = "dwarf-with-dsym";
				ENABLE_NS_ASSERTIONS = NO;
				ENABLE_STRICT_OBJC_MSGSEND = YES;
				GCC_C_LANGUAGE_STANDARD = gnu11;
				GCC_NO_COMMON_BLOCKS = YES;
				GCC_WARN_64_TO_32_BIT_CONVERSION = YES;
				GCC_WARN_ABOUT_RETURN_TYPE = YES_ERROR;
				GCC_WARN_UNDECLARED_SELECTOR = YES;
				GCC_WARN_UNINITIALIZED_AUTOS = YES_AGGRESSIVE;
				GCC_WARN_UNUSED_FUNCTION = YES;
				GCC_WARN_UNUSED_VARIABLE = YES;
				MACOSX_DEPLOYMENT_TARGET = 11.3;
				MTL_ENABLE_DEBUG_INFO = NO;
				MTL_FAST_MATH = YES;
				SDKROOT = macosx;
				SWIFT_COMPILATION_MODE = wholemodule;
				SWIFT_OPTIMIZATION_LEVEL = "-O";
				VERSIONING_SYSTEM = "apple-generic";
				VERSION_INFO_PREFIX = "";
			};
			name = Release;
		};
		1E7370B3280B0DA4007C7B10 /* Debug */ = {
			isa = XCBuildConfiguration;
			buildSettings = {
				CODE_SIGN_STYLE = Automatic;
				COMBINE_HIDPI_IMAGES = YES;
				CURRENT_PROJECT_VERSION = 1;
				DEFINES_MODULE = YES;
				DEVELOPMENT_TEAM = P67Q4Q7HA9;
				DYLIB_COMPATIBILITY_VERSION = 1;
				DYLIB_CURRENT_VERSION = 1;
				DYLIB_INSTALL_NAME_BASE = "@rpath";
				GENERATE_INFOPLIST_FILE = YES;
				INFOPLIST_KEY_NSHumanReadableCopyright = "";
				INSTALL_PATH = "$(LOCAL_LIBRARY_DIR)/Frameworks";
				LD_RUNPATH_SEARCH_PATHS = (
					"$(inherited)",
					"@executable_path/../Frameworks",
					"@loader_path/Frameworks",
				);
				MARKETING_VERSION = 1.0;
				PRODUCT_BUNDLE_IDENTIFIER = com.akaDuality.BuildParser;
				PRODUCT_NAME = "$(TARGET_NAME:c99extidentifier)";
				SKIP_INSTALL = YES;
				SWIFT_EMIT_LOC_STRINGS = YES;
				SWIFT_VERSION = 5.0;
			};
			name = Debug;
		};
		1E7370B4280B0DA4007C7B10 /* Release */ = {
			isa = XCBuildConfiguration;
			buildSettings = {
				CODE_SIGN_STYLE = Automatic;
				COMBINE_HIDPI_IMAGES = YES;
				CURRENT_PROJECT_VERSION = 1;
				DEFINES_MODULE = YES;
				DEVELOPMENT_TEAM = P67Q4Q7HA9;
				DYLIB_COMPATIBILITY_VERSION = 1;
				DYLIB_CURRENT_VERSION = 1;
				DYLIB_INSTALL_NAME_BASE = "@rpath";
				GENERATE_INFOPLIST_FILE = YES;
				INFOPLIST_KEY_NSHumanReadableCopyright = "";
				INSTALL_PATH = "$(LOCAL_LIBRARY_DIR)/Frameworks";
				LD_RUNPATH_SEARCH_PATHS = (
					"$(inherited)",
					"@executable_path/../Frameworks",
					"@loader_path/Frameworks",
				);
				MARKETING_VERSION = 1.0;
				PRODUCT_BUNDLE_IDENTIFIER = com.akaDuality.BuildParser;
				PRODUCT_NAME = "$(TARGET_NAME:c99extidentifier)";
				SKIP_INSTALL = YES;
				SWIFT_EMIT_LOC_STRINGS = YES;
				SWIFT_VERSION = 5.0;
			};
			name = Release;
		};
		1E7370B6280B0DA4007C7B10 /* Debug */ = {
			isa = XCBuildConfiguration;
			buildSettings = {
				ALWAYS_EMBED_SWIFT_STANDARD_LIBRARIES = YES;
				CODE_SIGN_STYLE = Automatic;
				CURRENT_PROJECT_VERSION = 1;
				DEVELOPMENT_TEAM = P67Q4Q7HA9;
				GENERATE_INFOPLIST_FILE = YES;
				MARKETING_VERSION = 1.0;
				PRODUCT_BUNDLE_IDENTIFIER = com.akaDuality.BuildParserTests;
				PRODUCT_NAME = "$(TARGET_NAME)";
				SWIFT_EMIT_LOC_STRINGS = NO;
				SWIFT_VERSION = 5.0;
			};
			name = Debug;
		};
		1E7370B7280B0DA4007C7B10 /* Release */ = {
			isa = XCBuildConfiguration;
			buildSettings = {
				ALWAYS_EMBED_SWIFT_STANDARD_LIBRARIES = YES;
				CODE_SIGN_STYLE = Automatic;
				CURRENT_PROJECT_VERSION = 1;
				DEVELOPMENT_TEAM = P67Q4Q7HA9;
				GENERATE_INFOPLIST_FILE = YES;
				MARKETING_VERSION = 1.0;
				PRODUCT_BUNDLE_IDENTIFIER = com.akaDuality.BuildParserTests;
				PRODUCT_NAME = "$(TARGET_NAME)";
				SWIFT_EMIT_LOC_STRINGS = NO;
				SWIFT_VERSION = 5.0;
			};
			name = Release;
		};
/* End XCBuildConfiguration section */

/* Begin XCConfigurationList section */
		1E737098280B0DA4007C7B10 /* Build configuration list for PBXProject "BuildParser" */ = {
			isa = XCConfigurationList;
			buildConfigurations = (
				1E7370B0280B0DA4007C7B10 /* Debug */,
				1E7370B1280B0DA4007C7B10 /* Release */,
			);
			defaultConfigurationIsVisible = 0;
			defaultConfigurationName = Release;
		};
		1E7370B2280B0DA4007C7B10 /* Build configuration list for PBXNativeTarget "BuildParser" */ = {
			isa = XCConfigurationList;
			buildConfigurations = (
				1E7370B3280B0DA4007C7B10 /* Debug */,
				1E7370B4280B0DA4007C7B10 /* Release */,
			);
			defaultConfigurationIsVisible = 0;
			defaultConfigurationName = Release;
		};
		1E7370B5280B0DA4007C7B10 /* Build configuration list for PBXNativeTarget "BuildParserTests" */ = {
			isa = XCConfigurationList;
			buildConfigurations = (
				1E7370B6280B0DA4007C7B10 /* Debug */,
				1E7370B7280B0DA4007C7B10 /* Release */,
			);
			defaultConfigurationIsVisible = 0;
			defaultConfigurationName = Release;
		};
/* End XCConfigurationList section */

/* Begin XCRemoteSwiftPackageReference section */
		1E1D7FCB2819C7A900B64954 /* XCRemoteSwiftPackageReference "swift-snapshot-testing" */ = {
			isa = XCRemoteSwiftPackageReference;
			repositoryURL = "git@github.com:pointfreeco/swift-snapshot-testing.git";
			requirement = {
				branch = main;
				kind = branch;
			};
		};
		1E1D7FCE2819C7F500B64954 /* XCRemoteSwiftPackageReference "swift-custom-dump" */ = {
			isa = XCRemoteSwiftPackageReference;
			repositoryURL = "https://github.com/pointfreeco/swift-custom-dump";
			requirement = {
				branch = main;
				kind = branch;
			};
		};
/* End XCRemoteSwiftPackageReference section */

/* Begin XCSwiftPackageProductDependency section */
		1E1D7FCC2819C7A900B64954 /* SnapshotTesting */ = {
			isa = XCSwiftPackageProductDependency;
			package = 1E1D7FCB2819C7A900B64954 /* XCRemoteSwiftPackageReference "swift-snapshot-testing" */;
			productName = SnapshotTesting;
		};
		1E1D7FCF2819C7F500B64954 /* CustomDump */ = {
			isa = XCSwiftPackageProductDependency;
			package = 1E1D7FCE2819C7F500B64954 /* XCRemoteSwiftPackageReference "swift-custom-dump" */;
			productName = CustomDump;
		};
		1E737170280B0F38007C7B10 /* XCLogParser */ = {
			isa = XCSwiftPackageProductDependency;
			productName = XCLogParser;
		};
/* End XCSwiftPackageProductDependency section */
	};
	rootObject = 1E737095280B0DA4007C7B10 /* Project object */;
}
