// !$*UTF8*$!
{
	archiveVersion = 1;
	classes = {
	};
	objectVersion = 55;
	objects = {

/* Begin PBXBuildFile section */
		1E0FAD512716D1C700DE2128 /* AppEventsMoveDomain.json in Resources */ = {isa = PBXBuildFile; fileRef = 1E0FAD502716D1C700DE2128 /* AppEventsMoveDomain.json */; };
		1E0FE5472716E35F00DE2128 /* AppEventsMoveDataPerstance.json in Resources */ = {isa = PBXBuildFile; fileRef = 1E0FE5462716E35F00DE2128 /* AppEventsMoveDataPerstance.json */; };
		1E0FE5492716E91600DE2128 /* TestEventsMoveDomainAndDataPersistence.json in Resources */ = {isa = PBXBuildFile; fileRef = 1E0FE5482716E91600DE2128 /* TestEventsMoveDomainAndDataPersistence.json */; };
		1E16961827246EC5006D93CE /* GraphParser in Frameworks */ = {isa = PBXBuildFile; productRef = 1E16961727246EC5006D93CE /* GraphParser */; };
		1E16961B27247AF1006D93CE /* targetGraph.txt in Resources */ = {isa = PBXBuildFile; fileRef = 1E16961A27247918006D93CE /* targetGraph.txt */; };
		1E1EAEDA27D4A36100D552F6 /* FirebaseAnalytics in Frameworks */ = {isa = PBXBuildFile; productRef = 1E1EAED927D4A36100D552F6 /* FirebaseAnalytics */; };
		1E1EAEDC27D4A36100D552F6 /* FirebaseCrashlytics in Frameworks */ = {isa = PBXBuildFile; productRef = 1E1EAEDB27D4A36100D552F6 /* FirebaseCrashlytics */; };
		1E1EAEDE27D4A36100D552F6 /* FirebasePerformance in Frameworks */ = {isa = PBXBuildFile; productRef = 1E1EAEDD27D4A36100D552F6 /* FirebasePerformance */; };
		1E1EAEE027D4A47F00D552F6 /* GoogleService-Info.plist in Resources */ = {isa = PBXBuildFile; fileRef = 1E1EAEDF27D4A47F00D552F6 /* GoogleService-Info.plist */; };
		1E2D7A5527288521009ED389 /* UISettings.swift in Sources */ = {isa = PBXBuildFile; fileRef = 1E2D7A5427288521009ED389 /* UISettings.swift */; };
		1E538BD727B9550100136F82 /* ZoomController.swift in Sources */ = {isa = PBXBuildFile; fileRef = 1E538BD627B9550100136F82 /* ZoomController.swift */; };
		1E538BD927B956A400136F82 /* DetailsStatePresenter.swift in Sources */ = {isa = PBXBuildFile; fileRef = 1E538BD827B956A400136F82 /* DetailsStatePresenter.swift */; };
		1E61EC6F2794543500208FDB /* SettingsPopoverViewController.swift in Sources */ = {isa = PBXBuildFile; fileRef = 1E61EC6E2794543500208FDB /* SettingsPopoverViewController.swift */; };
		1E7106E8271F1C1600C292AA /* Tuist2.json in Resources */ = {isa = PBXBuildFile; fileRef = 1E7106E7271F1C1600C292AA /* Tuist2.json */; };
		1E71FE87271EC10000C292AA /* Tuist.json in Resources */ = {isa = PBXBuildFile; fileRef = 1E71FE86271EC10000C292AA /* Tuist.json */; };
		1E79A71327C630D3005A6C19 /* ProjectsStateViewController.swift in Sources */ = {isa = PBXBuildFile; fileRef = 1E79A71227C630D3005A6C19 /* ProjectsStateViewController.swift */; };
		1E79A71527C6313E005A6C19 /* Projects.storyboard in Resources */ = {isa = PBXBuildFile; fileRef = 1E79A71427C6313E005A6C19 /* Projects.storyboard */; };
		1E79A71927C63F12005A6C19 /* ProjectDescriptionService.swift in Sources */ = {isa = PBXBuildFile; fileRef = 1E79A71827C63F12005A6C19 /* ProjectDescriptionService.swift */; };
		1E79A71B27C6407A005A6C19 /* NoProjectsViewController.swift in Sources */ = {isa = PBXBuildFile; fileRef = 1E79A71A27C6407A005A6C19 /* NoProjectsViewController.swift */; };
		1E79A71D27C64529005A6C19 /* MainWindow.swift in Sources */ = {isa = PBXBuildFile; fileRef = 1E79A71C27C64529005A6C19 /* MainWindow.swift */; };
		1E79A71F27C64DE0005A6C19 /* DetailStepTypeDescription.swift in Sources */ = {isa = PBXBuildFile; fileRef = 1E79A71E27C64DE0005A6C19 /* DetailStepTypeDescription.swift */; };
		1EAD77FD2781E9E500C65AC5 /* DetailView.swift in Sources */ = {isa = PBXBuildFile; fileRef = 1EAD77FC2781E9E500C65AC5 /* DetailView.swift */; };
		1EB1A8D8272DCD4E00D31AB8 /* SplitController.swift in Sources */ = {isa = PBXBuildFile; fileRef = 1EB1A8D7272DCD4E00D31AB8 /* SplitController.swift */; };
		1EB1A8DC272EB14E00D31AB8 /* ImageSaveService.swift in Sources */ = {isa = PBXBuildFile; fileRef = 1EB1A8DB272EB14E00D31AB8 /* ImageSaveService.swift */; };
		1EC1C5152726F9D40083124B /* targetGraph-Tuist.txt in Resources */ = {isa = PBXBuildFile; fileRef = 1EC1C5142726F9D40083124B /* targetGraph-Tuist.txt */; };
		1EC72584271D436900352213 /* Drinkit.json in Resources */ = {isa = PBXBuildFile; fileRef = 1EC72583271D436900352213 /* Drinkit.json */; };
		1EC72E24271D4D3800352213 /* Doner 42.json in Resources */ = {isa = PBXBuildFile; fileRef = 1EC72E23271D4D3800352213 /* Doner 42.json */; };
		1ED7AD352783198700BA74F9 /* StateViewController.swift in Sources */ = {isa = PBXBuildFile; fileRef = 1ED7AD342783198700BA74F9 /* StateViewController.swift */; };
		1ED7AD3727831D0600BA74F9 /* DetailsStateViewController.swift in Sources */ = {isa = PBXBuildFile; fileRef = 1ED7AD3627831D0600BA74F9 /* DetailsStateViewController.swift */; };
		1ED7AD3B278328D600BA74F9 /* Details.storyboard in Resources */ = {isa = PBXBuildFile; fileRef = 1ED7AD3A278328D600BA74F9 /* Details.storyboard */; };
		1ED7AD3D2783295800BA74F9 /* LoadingViewController.swift in Sources */ = {isa = PBXBuildFile; fileRef = 1ED7AD3C2783295800BA74F9 /* LoadingViewController.swift */; };
		1ED7AD3F27832F6400BA74F9 /* RetryViewController.swift in Sources */ = {isa = PBXBuildFile; fileRef = 1ED7AD3E27832F6400BA74F9 /* RetryViewController.swift */; };
		1EDB5E3527135F0000741EEF /* AppDelegate.swift in Sources */ = {isa = PBXBuildFile; fileRef = 1EDB5E3427135F0000741EEF /* AppDelegate.swift */; };
		1EDB5E3727135F0000741EEF /* DetaliViewController.swift in Sources */ = {isa = PBXBuildFile; fileRef = 1EDB5E3627135F0000741EEF /* DetaliViewController.swift */; };
		1EDB5E3927135F0100741EEF /* Assets.xcassets in Resources */ = {isa = PBXBuildFile; fileRef = 1EDB5E3827135F0100741EEF /* Assets.xcassets */; };
		1EDB5E3C27135F0100741EEF /* Main.storyboard in Resources */ = {isa = PBXBuildFile; fileRef = 1EDB5E3A27135F0100741EEF /* Main.storyboard */; };
		1EDB5E4727135F0100741EEF /* BuildGraphTests.swift in Sources */ = {isa = PBXBuildFile; fileRef = 1EDB5E4627135F0100741EEF /* BuildGraphTests.swift */; };
		1EDB5E5127135F0100741EEF /* BuildGraphUITests.swift in Sources */ = {isa = PBXBuildFile; fileRef = 1EDB5E5027135F0100741EEF /* BuildGraphUITests.swift */; };
		1EDB5E5327135F0100741EEF /* BuildGraphUITestsLaunchTests.swift in Sources */ = {isa = PBXBuildFile; fileRef = 1EDB5E5227135F0100741EEF /* BuildGraphUITestsLaunchTests.swift */; };
		1EDB5E6127135F1600741EEF /* BuildParser in Frameworks */ = {isa = PBXBuildFile; productRef = 1EDB5E6027135F1600741EEF /* BuildParser */; };
		1EDB5E6327136DC300741EEF /* TestEvents.json in Resources */ = {isa = PBXBuildFile; fileRef = 1EDB5E6227136DBE00741EEF /* TestEvents.json */; };
		1EDB6A242714183500741EEF /* AppEvents.json in Resources */ = {isa = PBXBuildFile; fileRef = 1EDB6A232714182600741EEF /* AppEvents.json */; };
		1EF2761E27207666000C95BA /* TuistIntel.json in Resources */ = {isa = PBXBuildFile; fileRef = 1EF2761D27207666000C95BA /* TuistIntel.json */; };
		1EF535BC279342CE00035D70 /* ProjectsOutlineViewController.swift in Sources */ = {isa = PBXBuildFile; fileRef = 1EF535BB279342CD00035D70 /* ProjectsOutlineViewController.swift */; };
		1EF535BE2793463500035D70 /* ProjectsPresenter.swift in Sources */ = {isa = PBXBuildFile; fileRef = 1EF535BD2793463500035D70 /* ProjectsPresenter.swift */; };
		1EF5609627844D2700001935 /* WindowController.swift in Sources */ = {isa = PBXBuildFile; fileRef = 1EF5609527844D2700001935 /* WindowController.swift */; };
/* End PBXBuildFile section */

/* Begin PBXContainerItemProxy section */
		1EDB5E4327135F0100741EEF /* PBXContainerItemProxy */ = {
			isa = PBXContainerItemProxy;
			containerPortal = 1EDB5E2927135F0000741EEF /* Project object */;
			proxyType = 1;
			remoteGlobalIDString = 1EDB5E3027135F0000741EEF;
			remoteInfo = BuildGraph;
		};
		1EDB5E4D27135F0100741EEF /* PBXContainerItemProxy */ = {
			isa = PBXContainerItemProxy;
			containerPortal = 1EDB5E2927135F0000741EEF /* Project object */;
			proxyType = 1;
			remoteGlobalIDString = 1EDB5E3027135F0000741EEF;
			remoteInfo = BuildGraph;
		};
/* End PBXContainerItemProxy section */

/* Begin PBXFileReference section */
		1E0FAD502716D1C700DE2128 /* AppEventsMoveDomain.json */ = {isa = PBXFileReference; fileEncoding = 4; lastKnownFileType = text.json; path = AppEventsMoveDomain.json; sourceTree = "<group>"; };
		1E0FE5462716E35F00DE2128 /* AppEventsMoveDataPerstance.json */ = {isa = PBXFileReference; fileEncoding = 4; lastKnownFileType = text.json; path = AppEventsMoveDataPerstance.json; sourceTree = "<group>"; };
		1E0FE5482716E91600DE2128 /* TestEventsMoveDomainAndDataPersistence.json */ = {isa = PBXFileReference; fileEncoding = 4; lastKnownFileType = text.json; path = TestEventsMoveDomainAndDataPersistence.json; sourceTree = "<group>"; };
		1E16961A27247918006D93CE /* targetGraph.txt */ = {isa = PBXFileReference; lastKnownFileType = text; path = targetGraph.txt; sourceTree = "<group>"; };
		1E1EAEDF27D4A47F00D552F6 /* GoogleService-Info.plist */ = {isa = PBXFileReference; fileEncoding = 4; lastKnownFileType = text.plist.xml; path = "GoogleService-Info.plist"; sourceTree = "<group>"; };
		1E2D7A5427288521009ED389 /* UISettings.swift */ = {isa = PBXFileReference; lastKnownFileType = sourcecode.swift; path = UISettings.swift; sourceTree = "<group>"; };
		1E538BD627B9550100136F82 /* ZoomController.swift */ = {isa = PBXFileReference; lastKnownFileType = sourcecode.swift; path = ZoomController.swift; sourceTree = "<group>"; };
		1E538BD827B956A400136F82 /* DetailsStatePresenter.swift */ = {isa = PBXFileReference; lastKnownFileType = sourcecode.swift; path = DetailsStatePresenter.swift; sourceTree = "<group>"; };
		1E61EC6E2794543500208FDB /* SettingsPopoverViewController.swift */ = {isa = PBXFileReference; lastKnownFileType = sourcecode.swift; path = SettingsPopoverViewController.swift; sourceTree = "<group>"; };
		1E7106E7271F1C1600C292AA /* Tuist2.json */ = {isa = PBXFileReference; fileEncoding = 4; lastKnownFileType = text.json; path = Tuist2.json; sourceTree = "<group>"; };
		1E71FE86271EC10000C292AA /* Tuist.json */ = {isa = PBXFileReference; fileEncoding = 4; lastKnownFileType = text.json; path = Tuist.json; sourceTree = "<group>"; };
		1E79A71227C630D3005A6C19 /* ProjectsStateViewController.swift */ = {isa = PBXFileReference; lastKnownFileType = sourcecode.swift; path = ProjectsStateViewController.swift; sourceTree = "<group>"; };
		1E79A71427C6313E005A6C19 /* Projects.storyboard */ = {isa = PBXFileReference; lastKnownFileType = file.storyboard; path = Projects.storyboard; sourceTree = "<group>"; };
		1E79A71827C63F12005A6C19 /* ProjectDescriptionService.swift */ = {isa = PBXFileReference; lastKnownFileType = sourcecode.swift; path = ProjectDescriptionService.swift; sourceTree = "<group>"; };
		1E79A71A27C6407A005A6C19 /* NoProjectsViewController.swift */ = {isa = PBXFileReference; lastKnownFileType = sourcecode.swift; path = NoProjectsViewController.swift; sourceTree = "<group>"; };
		1E79A71C27C64529005A6C19 /* MainWindow.swift */ = {isa = PBXFileReference; lastKnownFileType = sourcecode.swift; path = MainWindow.swift; sourceTree = "<group>"; };
		1E79A71E27C64DE0005A6C19 /* DetailStepTypeDescription.swift */ = {isa = PBXFileReference; lastKnownFileType = sourcecode.swift; path = DetailStepTypeDescription.swift; sourceTree = "<group>"; };
		1E9690092789C0280010FF04 /* BuildDeps-Info.plist */ = {isa = PBXFileReference; lastKnownFileType = text.plist; path = "BuildDeps-Info.plist"; sourceTree = "<group>"; };
		1EAD77FC2781E9E500C65AC5 /* DetailView.swift */ = {isa = PBXFileReference; lastKnownFileType = sourcecode.swift; path = DetailView.swift; sourceTree = "<group>"; };
		1EB1A8D7272DCD4E00D31AB8 /* SplitController.swift */ = {isa = PBXFileReference; lastKnownFileType = sourcecode.swift; path = SplitController.swift; sourceTree = "<group>"; };
		1EB1A8DB272EB14E00D31AB8 /* ImageSaveService.swift */ = {isa = PBXFileReference; lastKnownFileType = sourcecode.swift; path = ImageSaveService.swift; sourceTree = "<group>"; };
		1EB93615272BCECF00EF775B /* M1.xcactivitylog */ = {isa = PBXFileReference; lastKnownFileType = file; path = M1.xcactivitylog; sourceTree = "<group>"; };
		1EB93C09272BCF9D00EF775B /* Intel_i5.xcactivitylog */ = {isa = PBXFileReference; lastKnownFileType = file; path = Intel_i5.xcactivitylog; sourceTree = "<group>"; };
		1EC1C5142726F9D40083124B /* targetGraph-Tuist.txt */ = {isa = PBXFileReference; fileEncoding = 4; lastKnownFileType = text; path = "targetGraph-Tuist.txt"; sourceTree = "<group>"; };
		1EC72583271D436900352213 /* Drinkit.json */ = {isa = PBXFileReference; fileEncoding = 4; lastKnownFileType = text.json; path = Drinkit.json; sourceTree = "<group>"; };
		1EC72E23271D4D3800352213 /* Doner 42.json */ = {isa = PBXFileReference; fileEncoding = 4; lastKnownFileType = text.json; path = "Doner 42.json"; sourceTree = "<group>"; };
		1ED7AD342783198700BA74F9 /* StateViewController.swift */ = {isa = PBXFileReference; fileEncoding = 4; lastKnownFileType = sourcecode.swift; path = StateViewController.swift; sourceTree = "<group>"; };
		1ED7AD3627831D0600BA74F9 /* DetailsStateViewController.swift */ = {isa = PBXFileReference; lastKnownFileType = sourcecode.swift; path = DetailsStateViewController.swift; sourceTree = "<group>"; };
		1ED7AD3A278328D600BA74F9 /* Details.storyboard */ = {isa = PBXFileReference; lastKnownFileType = file.storyboard; path = Details.storyboard; sourceTree = "<group>"; };
		1ED7AD3C2783295800BA74F9 /* LoadingViewController.swift */ = {isa = PBXFileReference; lastKnownFileType = sourcecode.swift; path = LoadingViewController.swift; sourceTree = "<group>"; };
		1ED7AD3E27832F6400BA74F9 /* RetryViewController.swift */ = {isa = PBXFileReference; lastKnownFileType = sourcecode.swift; path = RetryViewController.swift; sourceTree = "<group>"; };
		1EDB5E3127135F0000741EEF /* BuildGraph.app */ = {isa = PBXFileReference; explicitFileType = wrapper.application; includeInIndex = 0; path = BuildGraph.app; sourceTree = BUILT_PRODUCTS_DIR; };
		1EDB5E3427135F0000741EEF /* AppDelegate.swift */ = {isa = PBXFileReference; lastKnownFileType = sourcecode.swift; path = AppDelegate.swift; sourceTree = "<group>"; };
		1EDB5E3627135F0000741EEF /* DetaliViewController.swift */ = {isa = PBXFileReference; lastKnownFileType = sourcecode.swift; path = DetaliViewController.swift; sourceTree = "<group>"; };
		1EDB5E3827135F0100741EEF /* Assets.xcassets */ = {isa = PBXFileReference; lastKnownFileType = folder.assetcatalog; path = Assets.xcassets; sourceTree = "<group>"; };
		1EDB5E3B27135F0100741EEF /* Base */ = {isa = PBXFileReference; lastKnownFileType = file.storyboard; name = Base; path = Base.lproj/Main.storyboard; sourceTree = "<group>"; };
		1EDB5E3D27135F0100741EEF /* BuildGraph.entitlements */ = {isa = PBXFileReference; lastKnownFileType = text.plist.entitlements; path = BuildGraph.entitlements; sourceTree = "<group>"; };
		1EDB5E4227135F0100741EEF /* BuildGraphTests.xctest */ = {isa = PBXFileReference; explicitFileType = wrapper.cfbundle; includeInIndex = 0; path = BuildGraphTests.xctest; sourceTree = BUILT_PRODUCTS_DIR; };
		1EDB5E4627135F0100741EEF /* BuildGraphTests.swift */ = {isa = PBXFileReference; lastKnownFileType = sourcecode.swift; path = BuildGraphTests.swift; sourceTree = "<group>"; };
		1EDB5E4C27135F0100741EEF /* BuildGraphUITests.xctest */ = {isa = PBXFileReference; explicitFileType = wrapper.cfbundle; includeInIndex = 0; path = BuildGraphUITests.xctest; sourceTree = BUILT_PRODUCTS_DIR; };
		1EDB5E5027135F0100741EEF /* BuildGraphUITests.swift */ = {isa = PBXFileReference; lastKnownFileType = sourcecode.swift; path = BuildGraphUITests.swift; sourceTree = "<group>"; };
		1EDB5E5227135F0100741EEF /* BuildGraphUITestsLaunchTests.swift */ = {isa = PBXFileReference; lastKnownFileType = sourcecode.swift; path = BuildGraphUITestsLaunchTests.swift; sourceTree = "<group>"; };
		1EDB5E6227136DBE00741EEF /* TestEvents.json */ = {isa = PBXFileReference; lastKnownFileType = text.json; path = TestEvents.json; sourceTree = "<group>"; };
		1EDB6A232714182600741EEF /* AppEvents.json */ = {isa = PBXFileReference; lastKnownFileType = text.json; path = AppEvents.json; sourceTree = "<group>"; };
		1EF2761D27207666000C95BA /* TuistIntel.json */ = {isa = PBXFileReference; fileEncoding = 4; lastKnownFileType = text.json; path = TuistIntel.json; sourceTree = "<group>"; };
		1EF535BB279342CD00035D70 /* ProjectsOutlineViewController.swift */ = {isa = PBXFileReference; lastKnownFileType = sourcecode.swift; path = ProjectsOutlineViewController.swift; sourceTree = "<group>"; };
		1EF535BD2793463500035D70 /* ProjectsPresenter.swift */ = {isa = PBXFileReference; lastKnownFileType = sourcecode.swift; path = ProjectsPresenter.swift; sourceTree = "<group>"; };
		1EF5609527844D2700001935 /* WindowController.swift */ = {isa = PBXFileReference; lastKnownFileType = sourcecode.swift; path = WindowController.swift; sourceTree = "<group>"; };
/* End PBXFileReference section */

/* Begin PBXFrameworksBuildPhase section */
		1EDB5E2E27135F0000741EEF /* Frameworks */ = {
			isa = PBXFrameworksBuildPhase;
			buildActionMask = 2147483647;
			files = (
				1E16961827246EC5006D93CE /* GraphParser in Frameworks */,
				1E1EAEDC27D4A36100D552F6 /* FirebaseCrashlytics in Frameworks */,
				1E1EAEDE27D4A36100D552F6 /* FirebasePerformance in Frameworks */,
				1EDB5E6127135F1600741EEF /* BuildParser in Frameworks */,
				1E1EAEDA27D4A36100D552F6 /* FirebaseAnalytics in Frameworks */,
			);
			runOnlyForDeploymentPostprocessing = 0;
		};
		1EDB5E3F27135F0100741EEF /* Frameworks */ = {
			isa = PBXFrameworksBuildPhase;
			buildActionMask = 2147483647;
			files = (
			);
			runOnlyForDeploymentPostprocessing = 0;
		};
		1EDB5E4927135F0100741EEF /* Frameworks */ = {
			isa = PBXFrameworksBuildPhase;
			buildActionMask = 2147483647;
			files = (
			);
			runOnlyForDeploymentPostprocessing = 0;
		};
/* End PBXFrameworksBuildPhase section */

/* Begin PBXGroup section */
		1E61EC6D2794542100208FDB /* Popovers */ = {
			isa = PBXGroup;
			children = (
				1E61EC6E2794543500208FDB /* SettingsPopoverViewController.swift */,
				1E79A71E27C64DE0005A6C19 /* DetailStepTypeDescription.swift */,
			);
			path = Popovers;
			sourceTree = "<group>";
		};
		1E63E43227861C5600382CCC /* States */ = {
			isa = PBXGroup;
			children = (
				1ED7AD3627831D0600BA74F9 /* DetailsStateViewController.swift */,
				1E538BD827B956A400136F82 /* DetailsStatePresenter.swift */,
				1ED7AD3C2783295800BA74F9 /* LoadingViewController.swift */,
				1ED7AD3E27832F6400BA74F9 /* RetryViewController.swift */,
			);
			path = States;
			sourceTree = "<group>";
		};
		1E63E43327861C5F00382CCC /* Details */ = {
			isa = PBXGroup;
			children = (
				1EDB5E3627135F0000741EEF /* DetaliViewController.swift */,
				1EAD77FC2781E9E500C65AC5 /* DetailView.swift */,
				1E538BD627B9550100136F82 /* ZoomController.swift */,
			);
			path = Details;
			sourceTree = "<group>";
		};
		1E79A71627C637FF005A6C19 /* Common UI */ = {
			isa = PBXGroup;
			children = (
				1ED7AD342783198700BA74F9 /* StateViewController.swift */,
			);
			path = "Common UI";
			sourceTree = "<group>";
		};
		1E79A71727C6380C005A6C19 /* AppUI */ = {
			isa = PBXGroup;
			children = (
				1EF5609527844D2700001935 /* WindowController.swift */,
				1E79A71C27C64529005A6C19 /* MainWindow.swift */,
				1EB1A8D7272DCD4E00D31AB8 /* SplitController.swift */,
			);
			path = AppUI;
			sourceTree = "<group>";
		};
		1EAD77FE2781EA0000C65AC5 /* Detail */ = {
			isa = PBXGroup;
			children = (
				1ED7AD3A278328D600BA74F9 /* Details.storyboard */,
				1E63E43227861C5600382CCC /* States */,
				1E63E43327861C5F00382CCC /* Details */,
			);
			path = Detail;
			sourceTree = "<group>";
		};
		1EAD77FF2781EC9400C65AC5 /* Projects */ = {
			isa = PBXGroup;
			children = (
				1E79A71427C6313E005A6C19 /* Projects.storyboard */,
				1EF535BD2793463500035D70 /* ProjectsPresenter.swift */,
				1E79A71A27C6407A005A6C19 /* NoProjectsViewController.swift */,
				1E79A71827C63F12005A6C19 /* ProjectDescriptionService.swift */,
				1E79A71227C630D3005A6C19 /* ProjectsStateViewController.swift */,
				1EF535BB279342CD00035D70 /* ProjectsOutlineViewController.swift */,
			);
			path = Projects;
			sourceTree = "<group>";
		};
		1EB1A8D4272DC17100D31AB8 /* Samples */ = {
			isa = PBXGroup;
			children = (
				1EDB6A232714182600741EEF /* AppEvents.json */,
				1EDB5E6227136DBE00741EEF /* TestEvents.json */,
				1E0FAD502716D1C700DE2128 /* AppEventsMoveDomain.json */,
				1E0FE5462716E35F00DE2128 /* AppEventsMoveDataPerstance.json */,
				1E0FE5482716E91600DE2128 /* TestEventsMoveDomainAndDataPersistence.json */,
				1EC72583271D436900352213 /* Drinkit.json */,
				1EC72E23271D4D3800352213 /* Doner 42.json */,
				1E71FE86271EC10000C292AA /* Tuist.json */,
				1E7106E7271F1C1600C292AA /* Tuist2.json */,
				1EF2761D27207666000C95BA /* TuistIntel.json */,
				1E16961A27247918006D93CE /* targetGraph.txt */,
				1EC1C5142726F9D40083124B /* targetGraph-Tuist.txt */,
				1EB93615272BCECF00EF775B /* M1.xcactivitylog */,
				1EB93C09272BCF9D00EF775B /* Intel_i5.xcactivitylog */,
			);
			path = Samples;
			sourceTree = "<group>";
		};
		1EDB5E2827135F0000741EEF = {
			isa = PBXGroup;
			children = (
				1E9690092789C0280010FF04 /* BuildDeps-Info.plist */,
				1E1EAEDF27D4A47F00D552F6 /* GoogleService-Info.plist */,
				1EDB5E3327135F0000741EEF /* BuildGraph */,
				1EDB5E4527135F0100741EEF /* BuildGraphTests */,
				1EDB5E4F27135F0100741EEF /* BuildGraphUITests */,
				1EDB5E3227135F0000741EEF /* Products */,
				1EDB5E5F27135F1600741EEF /* Frameworks */,
			);
			sourceTree = "<group>";
		};
		1EDB5E3227135F0000741EEF /* Products */ = {
			isa = PBXGroup;
			children = (
				1EDB5E3127135F0000741EEF /* BuildGraph.app */,
				1EDB5E4227135F0100741EEF /* BuildGraphTests.xctest */,
				1EDB5E4C27135F0100741EEF /* BuildGraphUITests.xctest */,
			);
			name = Products;
			sourceTree = "<group>";
		};
		1EDB5E3327135F0000741EEF /* BuildGraph */ = {
			isa = PBXGroup;
			children = (
				1EDB5E3427135F0000741EEF /* AppDelegate.swift */,
				1EDB5E3A27135F0100741EEF /* Main.storyboard */,
				1E79A71727C6380C005A6C19 /* AppUI */,
				1E79A71627C637FF005A6C19 /* Common UI */,
				1E61EC6D2794542100208FDB /* Popovers */,
				1EAD77FF2781EC9400C65AC5 /* Projects */,
				1EAD77FE2781EA0000C65AC5 /* Detail */,
				1E2D7A5427288521009ED389 /* UISettings.swift */,
				1EB1A8DB272EB14E00D31AB8 /* ImageSaveService.swift */,
				1EDB5E3827135F0100741EEF /* Assets.xcassets */,
				1EDB5E3D27135F0100741EEF /* BuildGraph.entitlements */,
				1EB1A8D4272DC17100D31AB8 /* Samples */,
			);
			path = BuildGraph;
			sourceTree = "<group>";
		};
		1EDB5E4527135F0100741EEF /* BuildGraphTests */ = {
			isa = PBXGroup;
			children = (
				1EDB5E4627135F0100741EEF /* BuildGraphTests.swift */,
			);
			path = BuildGraphTests;
			sourceTree = "<group>";
		};
		1EDB5E4F27135F0100741EEF /* BuildGraphUITests */ = {
			isa = PBXGroup;
			children = (
				1EDB5E5027135F0100741EEF /* BuildGraphUITests.swift */,
				1EDB5E5227135F0100741EEF /* BuildGraphUITestsLaunchTests.swift */,
			);
			path = BuildGraphUITests;
			sourceTree = "<group>";
		};
		1EDB5E5F27135F1600741EEF /* Frameworks */ = {
			isa = PBXGroup;
			children = (
			);
			name = Frameworks;
			sourceTree = "<group>";
		};
/* End PBXGroup section */

/* Begin PBXNativeTarget section */
		1EDB5E3027135F0000741EEF /* BuildGraph */ = {
			isa = PBXNativeTarget;
			buildConfigurationList = 1EDB5E5627135F0100741EEF /* Build configuration list for PBXNativeTarget "BuildGraph" */;
			buildPhases = (
				1EDB5E2D27135F0000741EEF /* Sources */,
				1EDB5E2E27135F0000741EEF /* Frameworks */,
				1EDB5E2F27135F0000741EEF /* Resources */,
			);
			buildRules = (
			);
			dependencies = (
			);
			name = BuildGraph;
			packageProductDependencies = (
				1EDB5E6027135F1600741EEF /* BuildParser */,
				1E16961727246EC5006D93CE /* GraphParser */,
				1E1EAED927D4A36100D552F6 /* FirebaseAnalytics */,
				1E1EAEDB27D4A36100D552F6 /* FirebaseCrashlytics */,
				1E1EAEDD27D4A36100D552F6 /* FirebasePerformance */,
			);
			productName = BuildGraph;
			productReference = 1EDB5E3127135F0000741EEF /* BuildGraph.app */;
			productType = "com.apple.product-type.application";
		};
		1EDB5E4127135F0100741EEF /* BuildGraphTests */ = {
			isa = PBXNativeTarget;
			buildConfigurationList = 1EDB5E5927135F0100741EEF /* Build configuration list for PBXNativeTarget "BuildGraphTests" */;
			buildPhases = (
				1EDB5E3E27135F0100741EEF /* Sources */,
				1EDB5E3F27135F0100741EEF /* Frameworks */,
				1EDB5E4027135F0100741EEF /* Resources */,
			);
			buildRules = (
			);
			dependencies = (
				1EDB5E4427135F0100741EEF /* PBXTargetDependency */,
			);
			name = BuildGraphTests;
			productName = BuildGraphTests;
			productReference = 1EDB5E4227135F0100741EEF /* BuildGraphTests.xctest */;
			productType = "com.apple.product-type.bundle.unit-test";
		};
		1EDB5E4B27135F0100741EEF /* BuildGraphUITests */ = {
			isa = PBXNativeTarget;
			buildConfigurationList = 1EDB5E5C27135F0100741EEF /* Build configuration list for PBXNativeTarget "BuildGraphUITests" */;
			buildPhases = (
				1EDB5E4827135F0100741EEF /* Sources */,
				1EDB5E4927135F0100741EEF /* Frameworks */,
				1EDB5E4A27135F0100741EEF /* Resources */,
			);
			buildRules = (
			);
			dependencies = (
				1EDB5E4E27135F0100741EEF /* PBXTargetDependency */,
			);
			name = BuildGraphUITests;
			productName = BuildGraphUITests;
			productReference = 1EDB5E4C27135F0100741EEF /* BuildGraphUITests.xctest */;
			productType = "com.apple.product-type.bundle.ui-testing";
		};
/* End PBXNativeTarget section */

/* Begin PBXProject section */
		1EDB5E2927135F0000741EEF /* Project object */ = {
			isa = PBXProject;
			attributes = {
				BuildIndependentTargetsInParallel = 1;
				LastSwiftUpdateCheck = 1300;
				LastUpgradeCheck = 1300;
				TargetAttributes = {
					1EDB5E3027135F0000741EEF = {
						CreatedOnToolsVersion = 13.0;
					};
					1EDB5E4127135F0100741EEF = {
						CreatedOnToolsVersion = 13.0;
						TestTargetID = 1EDB5E3027135F0000741EEF;
					};
					1EDB5E4B27135F0100741EEF = {
						CreatedOnToolsVersion = 13.0;
						TestTargetID = 1EDB5E3027135F0000741EEF;
					};
				};
			};
			buildConfigurationList = 1EDB5E2C27135F0000741EEF /* Build configuration list for PBXProject "BuildGraph" */;
			compatibilityVersion = "Xcode 13.0";
			developmentRegion = en;
			hasScannedForEncodings = 0;
			knownRegions = (
				en,
				Base,
			);
			mainGroup = 1EDB5E2827135F0000741EEF;
			packageReferences = (
				1E1EAED827D4A36100D552F6 /* XCRemoteSwiftPackageReference "firebase-ios-sdk" */,
			);
			productRefGroup = 1EDB5E3227135F0000741EEF /* Products */;
			projectDirPath = "";
			projectRoot = "";
			targets = (
				1EDB5E3027135F0000741EEF /* BuildGraph */,
				1EDB5E4127135F0100741EEF /* BuildGraphTests */,
				1EDB5E4B27135F0100741EEF /* BuildGraphUITests */,
			);
		};
/* End PBXProject section */

/* Begin PBXResourcesBuildPhase section */
		1EDB5E2F27135F0000741EEF /* Resources */ = {
			isa = PBXResourcesBuildPhase;
			buildActionMask = 2147483647;
			files = (
				1EF2761E27207666000C95BA /* TuistIntel.json in Resources */,
				1E16961B27247AF1006D93CE /* targetGraph.txt in Resources */,
				1EDB6A242714183500741EEF /* AppEvents.json in Resources */,
				1E71FE87271EC10000C292AA /* Tuist.json in Resources */,
				1E1EAEE027D4A47F00D552F6 /* GoogleService-Info.plist in Resources */,
				1E79A71527C6313E005A6C19 /* Projects.storyboard in Resources */,
				1EC72584271D436900352213 /* Drinkit.json in Resources */,
				1EDB5E3927135F0100741EEF /* Assets.xcassets in Resources */,
				1E0FAD512716D1C700DE2128 /* AppEventsMoveDomain.json in Resources */,
				1EC72E24271D4D3800352213 /* Doner 42.json in Resources */,
				1E0FE5492716E91600DE2128 /* TestEventsMoveDomainAndDataPersistence.json in Resources */,
				1E7106E8271F1C1600C292AA /* Tuist2.json in Resources */,
				1ED7AD3B278328D600BA74F9 /* Details.storyboard in Resources */,
				1E0FE5472716E35F00DE2128 /* AppEventsMoveDataPerstance.json in Resources */,
				1EDB5E6327136DC300741EEF /* TestEvents.json in Resources */,
				1EC1C5152726F9D40083124B /* targetGraph-Tuist.txt in Resources */,
				1EDB5E3C27135F0100741EEF /* Main.storyboard in Resources */,
			);
			runOnlyForDeploymentPostprocessing = 0;
		};
		1EDB5E4027135F0100741EEF /* Resources */ = {
			isa = PBXResourcesBuildPhase;
			buildActionMask = 2147483647;
			files = (
			);
			runOnlyForDeploymentPostprocessing = 0;
		};
		1EDB5E4A27135F0100741EEF /* Resources */ = {
			isa = PBXResourcesBuildPhase;
			buildActionMask = 2147483647;
			files = (
			);
			runOnlyForDeploymentPostprocessing = 0;
		};
/* End PBXResourcesBuildPhase section */

/* Begin PBXSourcesBuildPhase section */
		1EDB5E2D27135F0000741EEF /* Sources */ = {
			isa = PBXSourcesBuildPhase;
			buildActionMask = 2147483647;
			files = (
				1E538BD727B9550100136F82 /* ZoomController.swift in Sources */,
				1E79A71B27C6407A005A6C19 /* NoProjectsViewController.swift in Sources */,
				1ED7AD3727831D0600BA74F9 /* DetailsStateViewController.swift in Sources */,
				1EF535BC279342CE00035D70 /* ProjectsOutlineViewController.swift in Sources */,
				1EB1A8DC272EB14E00D31AB8 /* ImageSaveService.swift in Sources */,
				1EAD77FD2781E9E500C65AC5 /* DetailView.swift in Sources */,
				1E538BD927B956A400136F82 /* DetailsStatePresenter.swift in Sources */,
				1E79A71927C63F12005A6C19 /* ProjectDescriptionService.swift in Sources */,
				1EF535BE2793463500035D70 /* ProjectsPresenter.swift in Sources */,
				1ED7AD352783198700BA74F9 /* StateViewController.swift in Sources */,
				1ED7AD3F27832F6400BA74F9 /* RetryViewController.swift in Sources */,
				1EDB5E3727135F0000741EEF /* DetaliViewController.swift in Sources */,
				1E79A71F27C64DE0005A6C19 /* DetailStepTypeDescription.swift in Sources */,
				1E79A71D27C64529005A6C19 /* MainWindow.swift in Sources */,
				1EF5609627844D2700001935 /* WindowController.swift in Sources */,
				1E79A71327C630D3005A6C19 /* ProjectsStateViewController.swift in Sources */,
				1EB1A8D8272DCD4E00D31AB8 /* SplitController.swift in Sources */,
				1E61EC6F2794543500208FDB /* SettingsPopoverViewController.swift in Sources */,
				1ED7AD3D2783295800BA74F9 /* LoadingViewController.swift in Sources */,
				1EDB5E3527135F0000741EEF /* AppDelegate.swift in Sources */,
				1E2D7A5527288521009ED389 /* UISettings.swift in Sources */,
			);
			runOnlyForDeploymentPostprocessing = 0;
		};
		1EDB5E3E27135F0100741EEF /* Sources */ = {
			isa = PBXSourcesBuildPhase;
			buildActionMask = 2147483647;
			files = (
				1EDB5E4727135F0100741EEF /* BuildGraphTests.swift in Sources */,
			);
			runOnlyForDeploymentPostprocessing = 0;
		};
		1EDB5E4827135F0100741EEF /* Sources */ = {
			isa = PBXSourcesBuildPhase;
			buildActionMask = 2147483647;
			files = (
				1EDB5E5327135F0100741EEF /* BuildGraphUITestsLaunchTests.swift in Sources */,
				1EDB5E5127135F0100741EEF /* BuildGraphUITests.swift in Sources */,
			);
			runOnlyForDeploymentPostprocessing = 0;
		};
/* End PBXSourcesBuildPhase section */

/* Begin PBXTargetDependency section */
		1EDB5E4427135F0100741EEF /* PBXTargetDependency */ = {
			isa = PBXTargetDependency;
			target = 1EDB5E3027135F0000741EEF /* BuildGraph */;
			targetProxy = 1EDB5E4327135F0100741EEF /* PBXContainerItemProxy */;
		};
		1EDB5E4E27135F0100741EEF /* PBXTargetDependency */ = {
			isa = PBXTargetDependency;
			target = 1EDB5E3027135F0000741EEF /* BuildGraph */;
			targetProxy = 1EDB5E4D27135F0100741EEF /* PBXContainerItemProxy */;
		};
/* End PBXTargetDependency section */

/* Begin PBXVariantGroup section */
		1EDB5E3A27135F0100741EEF /* Main.storyboard */ = {
			isa = PBXVariantGroup;
			children = (
				1EDB5E3B27135F0100741EEF /* Base */,
			);
			name = Main.storyboard;
			sourceTree = "<group>";
		};
/* End PBXVariantGroup section */

/* Begin XCBuildConfiguration section */
		1EDB5E5427135F0100741EEF /* Debug */ = {
			isa = XCBuildConfiguration;
			buildSettings = {
				ALWAYS_SEARCH_USER_PATHS = NO;
				CLANG_ANALYZER_NONNULL = YES;
				CLANG_ANALYZER_NUMBER_OBJECT_CONVERSION = YES_AGGRESSIVE;
				CLANG_CXX_LANGUAGE_STANDARD = "gnu++17";
				CLANG_CXX_LIBRARY = "libc++";
				CLANG_ENABLE_MODULES = YES;
				CLANG_ENABLE_OBJC_ARC = YES;
				CLANG_ENABLE_OBJC_WEAK = YES;
				CLANG_WARN_BLOCK_CAPTURE_AUTORELEASING = YES;
				CLANG_WARN_BOOL_CONVERSION = YES;
				CLANG_WARN_COMMA = YES;
				CLANG_WARN_CONSTANT_CONVERSION = YES;
				CLANG_WARN_DEPRECATED_OBJC_IMPLEMENTATIONS = YES;
				CLANG_WARN_DIRECT_OBJC_ISA_USAGE = YES_ERROR;
				CLANG_WARN_DOCUMENTATION_COMMENTS = YES;
				CLANG_WARN_EMPTY_BODY = YES;
				CLANG_WARN_ENUM_CONVERSION = YES;
				CLANG_WARN_INFINITE_RECURSION = YES;
				CLANG_WARN_INT_CONVERSION = YES;
				CLANG_WARN_NON_LITERAL_NULL_CONVERSION = YES;
				CLANG_WARN_OBJC_IMPLICIT_RETAIN_SELF = YES;
				CLANG_WARN_OBJC_LITERAL_CONVERSION = YES;
				CLANG_WARN_OBJC_ROOT_CLASS = YES_ERROR;
				CLANG_WARN_QUOTED_INCLUDE_IN_FRAMEWORK_HEADER = YES;
				CLANG_WARN_RANGE_LOOP_ANALYSIS = YES;
				CLANG_WARN_STRICT_PROTOTYPES = YES;
				CLANG_WARN_SUSPICIOUS_MOVE = YES;
				CLANG_WARN_UNGUARDED_AVAILABILITY = YES_AGGRESSIVE;
				CLANG_WARN_UNREACHABLE_CODE = YES;
				CLANG_WARN__DUPLICATE_METHOD_MATCH = YES;
				COPY_PHASE_STRIP = NO;
				DEBUG_INFORMATION_FORMAT = dwarf;
				ENABLE_STRICT_OBJC_MSGSEND = YES;
				ENABLE_TESTABILITY = YES;
				GCC_C_LANGUAGE_STANDARD = gnu11;
				GCC_DYNAMIC_NO_PIC = NO;
				GCC_NO_COMMON_BLOCKS = YES;
				GCC_OPTIMIZATION_LEVEL = 0;
				GCC_PREPROCESSOR_DEFINITIONS = (
					"DEBUG=1",
					"$(inherited)",
				);
				GCC_WARN_64_TO_32_BIT_CONVERSION = YES;
				GCC_WARN_ABOUT_RETURN_TYPE = YES_ERROR;
				GCC_WARN_UNDECLARED_SELECTOR = YES;
				GCC_WARN_UNINITIALIZED_AUTOS = YES_AGGRESSIVE;
				GCC_WARN_UNUSED_FUNCTION = YES;
				GCC_WARN_UNUSED_VARIABLE = YES;
				MACOSX_DEPLOYMENT_TARGET = 11.3;
				MTL_ENABLE_DEBUG_INFO = INCLUDE_SOURCE;
				MTL_FAST_MATH = YES;
				ONLY_ACTIVE_ARCH = YES;
				SDKROOT = macosx;
				SWIFT_ACTIVE_COMPILATION_CONDITIONS = DEBUG;
				SWIFT_OPTIMIZATION_LEVEL = "-Onone";
			};
			name = Debug;
		};
		1EDB5E5527135F0100741EEF /* Release */ = {
			isa = XCBuildConfiguration;
			buildSettings = {
				ALWAYS_SEARCH_USER_PATHS = NO;
				CLANG_ANALYZER_NONNULL = YES;
				CLANG_ANALYZER_NUMBER_OBJECT_CONVERSION = YES_AGGRESSIVE;
				CLANG_CXX_LANGUAGE_STANDARD = "gnu++17";
				CLANG_CXX_LIBRARY = "libc++";
				CLANG_ENABLE_MODULES = YES;
				CLANG_ENABLE_OBJC_ARC = YES;
				CLANG_ENABLE_OBJC_WEAK = YES;
				CLANG_WARN_BLOCK_CAPTURE_AUTORELEASING = YES;
				CLANG_WARN_BOOL_CONVERSION = YES;
				CLANG_WARN_COMMA = YES;
				CLANG_WARN_CONSTANT_CONVERSION = YES;
				CLANG_WARN_DEPRECATED_OBJC_IMPLEMENTATIONS = YES;
				CLANG_WARN_DIRECT_OBJC_ISA_USAGE = YES_ERROR;
				CLANG_WARN_DOCUMENTATION_COMMENTS = YES;
				CLANG_WARN_EMPTY_BODY = YES;
				CLANG_WARN_ENUM_CONVERSION = YES;
				CLANG_WARN_INFINITE_RECURSION = YES;
				CLANG_WARN_INT_CONVERSION = YES;
				CLANG_WARN_NON_LITERAL_NULL_CONVERSION = YES;
				CLANG_WARN_OBJC_IMPLICIT_RETAIN_SELF = YES;
				CLANG_WARN_OBJC_LITERAL_CONVERSION = YES;
				CLANG_WARN_OBJC_ROOT_CLASS = YES_ERROR;
				CLANG_WARN_QUOTED_INCLUDE_IN_FRAMEWORK_HEADER = YES;
				CLANG_WARN_RANGE_LOOP_ANALYSIS = YES;
				CLANG_WARN_STRICT_PROTOTYPES = YES;
				CLANG_WARN_SUSPICIOUS_MOVE = YES;
				CLANG_WARN_UNGUARDED_AVAILABILITY = YES_AGGRESSIVE;
				CLANG_WARN_UNREACHABLE_CODE = YES;
				CLANG_WARN__DUPLICATE_METHOD_MATCH = YES;
				COPY_PHASE_STRIP = NO;
				DEBUG_INFORMATION_FORMAT = "dwarf-with-dsym";
				ENABLE_NS_ASSERTIONS = NO;
				ENABLE_STRICT_OBJC_MSGSEND = YES;
				GCC_C_LANGUAGE_STANDARD = gnu11;
				GCC_NO_COMMON_BLOCKS = YES;
				GCC_WARN_64_TO_32_BIT_CONVERSION = YES;
				GCC_WARN_ABOUT_RETURN_TYPE = YES_ERROR;
				GCC_WARN_UNDECLARED_SELECTOR = YES;
				GCC_WARN_UNINITIALIZED_AUTOS = YES_AGGRESSIVE;
				GCC_WARN_UNUSED_FUNCTION = YES;
				GCC_WARN_UNUSED_VARIABLE = YES;
				MACOSX_DEPLOYMENT_TARGET = 11.3;
				MTL_ENABLE_DEBUG_INFO = NO;
				MTL_FAST_MATH = YES;
				SDKROOT = macosx;
				SWIFT_COMPILATION_MODE = wholemodule;
				SWIFT_OPTIMIZATION_LEVEL = "-O";
			};
			name = Release;
		};
		1EDB5E5727135F0100741EEF /* Debug */ = {
			isa = XCBuildConfiguration;
			buildSettings = {
				ASSETCATALOG_COMPILER_APPICON_NAME = AppIcon;
				ASSETCATALOG_COMPILER_GLOBAL_ACCENT_COLOR_NAME = AccentColor;
				CODE_SIGN_ENTITLEMENTS = BuildGraph/BuildGraph.entitlements;
				CODE_SIGN_STYLE = Automatic;
				COMBINE_HIDPI_IMAGES = YES;
				CURRENT_PROJECT_VERSION = 1;
				DEVELOPMENT_TEAM = P67Q4Q7HA9;
				ENABLE_HARDENED_RUNTIME = YES;
				GENERATE_INFOPLIST_FILE = YES;
				INFOPLIST_FILE = "BuildDeps-Info.plist";
				INFOPLIST_KEY_LSApplicationCategoryType = "public.app-category.developer-tools";
				INFOPLIST_KEY_NSHumanReadableCopyright = "Mikhail Rubanov";
				INFOPLIST_KEY_NSMainStoryboardFile = Main;
				INFOPLIST_KEY_NSPrincipalClass = NSApplication;
				LD_RUNPATH_SEARCH_PATHS = (
					"$(inherited)",
					"@executable_path/../Frameworks",
				);
				MARKETING_VERSION = 1.0;
				PRODUCT_BUNDLE_IDENTIFIER = com.akaDuality.BuildGraph;
				PRODUCT_NAME = "$(TARGET_NAME)";
				SWIFT_EMIT_LOC_STRINGS = YES;
				SWIFT_VERSION = 5.0;
			};
			name = Debug;
		};
		1EDB5E5827135F0100741EEF /* Release */ = {
			isa = XCBuildConfiguration;
			buildSettings = {
				ASSETCATALOG_COMPILER_APPICON_NAME = AppIcon;
				ASSETCATALOG_COMPILER_GLOBAL_ACCENT_COLOR_NAME = AccentColor;
				CODE_SIGN_ENTITLEMENTS = BuildGraph/BuildGraph.entitlements;
				CODE_SIGN_STYLE = Automatic;
				COMBINE_HIDPI_IMAGES = YES;
				CURRENT_PROJECT_VERSION = 1;
				DEVELOPMENT_TEAM = P67Q4Q7HA9;
				ENABLE_HARDENED_RUNTIME = YES;
				GENERATE_INFOPLIST_FILE = YES;
				INFOPLIST_FILE = "BuildDeps-Info.plist";
				INFOPLIST_KEY_LSApplicationCategoryType = "public.app-category.developer-tools";
				INFOPLIST_KEY_NSHumanReadableCopyright = "Mikhail Rubanov";
				INFOPLIST_KEY_NSMainStoryboardFile = Main;
				INFOPLIST_KEY_NSPrincipalClass = NSApplication;
				LD_RUNPATH_SEARCH_PATHS = (
					"$(inherited)",
					"@executable_path/../Frameworks",
				);
				MARKETING_VERSION = 1.0;
				PRODUCT_BUNDLE_IDENTIFIER = com.akaDuality.BuildGraph;
				PRODUCT_NAME = "$(TARGET_NAME)";
				SWIFT_EMIT_LOC_STRINGS = YES;
				SWIFT_VERSION = 5.0;
			};
			name = Release;
		};
		1EDB5E5A27135F0100741EEF /* Debug */ = {
			isa = XCBuildConfiguration;
			buildSettings = {
				ALWAYS_EMBED_SWIFT_STANDARD_LIBRARIES = YES;
				BUNDLE_LOADER = "$(TEST_HOST)";
				CODE_SIGN_STYLE = Automatic;
				COMBINE_HIDPI_IMAGES = YES;
				CURRENT_PROJECT_VERSION = 1;
				DEVELOPMENT_TEAM = AVGCX5Z5VU;
				GENERATE_INFOPLIST_FILE = YES;
				LD_RUNPATH_SEARCH_PATHS = (
					"$(inherited)",
					"@executable_path/../Frameworks",
					"@loader_path/../Frameworks",
				);
				MACOSX_DEPLOYMENT_TARGET = 11.3;
				MARKETING_VERSION = 1.0;
				PRODUCT_BUNDLE_IDENTIFIER = com.dodobrands.BuildGraphTests;
				PRODUCT_NAME = "$(TARGET_NAME)";
				SWIFT_EMIT_LOC_STRINGS = NO;
				SWIFT_VERSION = 5.0;
				TEST_HOST = "$(BUILT_PRODUCTS_DIR)/BuildGraph.app/Contents/MacOS/BuildGraph";
			};
			name = Debug;
		};
		1EDB5E5B27135F0100741EEF /* Release */ = {
			isa = XCBuildConfiguration;
			buildSettings = {
				ALWAYS_EMBED_SWIFT_STANDARD_LIBRARIES = YES;
				BUNDLE_LOADER = "$(TEST_HOST)";
				CODE_SIGN_STYLE = Automatic;
				COMBINE_HIDPI_IMAGES = YES;
				CURRENT_PROJECT_VERSION = 1;
				DEVELOPMENT_TEAM = AVGCX5Z5VU;
				GENERATE_INFOPLIST_FILE = YES;
				LD_RUNPATH_SEARCH_PATHS = (
					"$(inherited)",
					"@executable_path/../Frameworks",
					"@loader_path/../Frameworks",
				);
				MACOSX_DEPLOYMENT_TARGET = 11.3;
				MARKETING_VERSION = 1.0;
				PRODUCT_BUNDLE_IDENTIFIER = com.dodobrands.BuildGraphTests;
				PRODUCT_NAME = "$(TARGET_NAME)";
				SWIFT_EMIT_LOC_STRINGS = NO;
				SWIFT_VERSION = 5.0;
				TEST_HOST = "$(BUILT_PRODUCTS_DIR)/BuildGraph.app/Contents/MacOS/BuildGraph";
			};
			name = Release;
		};
		1EDB5E5D27135F0100741EEF /* Debug */ = {
			isa = XCBuildConfiguration;
			buildSettings = {
				ALWAYS_EMBED_SWIFT_STANDARD_LIBRARIES = YES;
				CODE_SIGN_STYLE = Automatic;
				COMBINE_HIDPI_IMAGES = YES;
				CURRENT_PROJECT_VERSION = 1;
				DEVELOPMENT_TEAM = AVGCX5Z5VU;
				GENERATE_INFOPLIST_FILE = YES;
				LD_RUNPATH_SEARCH_PATHS = (
					"$(inherited)",
					"@executable_path/../Frameworks",
					"@loader_path/../Frameworks",
				);
				MARKETING_VERSION = 1.0;
				PRODUCT_BUNDLE_IDENTIFIER = com.dodobrands.BuildGraphUITests;
				PRODUCT_NAME = "$(TARGET_NAME)";
				SWIFT_EMIT_LOC_STRINGS = NO;
				SWIFT_VERSION = 5.0;
				TEST_TARGET_NAME = BuildGraph;
			};
			name = Debug;
		};
		1EDB5E5E27135F0100741EEF /* Release */ = {
			isa = XCBuildConfiguration;
			buildSettings = {
				ALWAYS_EMBED_SWIFT_STANDARD_LIBRARIES = YES;
				CODE_SIGN_STYLE = Automatic;
				COMBINE_HIDPI_IMAGES = YES;
				CURRENT_PROJECT_VERSION = 1;
				DEVELOPMENT_TEAM = AVGCX5Z5VU;
				GENERATE_INFOPLIST_FILE = YES;
				LD_RUNPATH_SEARCH_PATHS = (
					"$(inherited)",
					"@executable_path/../Frameworks",
					"@loader_path/../Frameworks",
				);
				MARKETING_VERSION = 1.0;
				PRODUCT_BUNDLE_IDENTIFIER = com.dodobrands.BuildGraphUITests;
				PRODUCT_NAME = "$(TARGET_NAME)";
				SWIFT_EMIT_LOC_STRINGS = NO;
				SWIFT_VERSION = 5.0;
				TEST_TARGET_NAME = BuildGraph;
			};
			name = Release;
		};
/* End XCBuildConfiguration section */

/* Begin XCConfigurationList section */
		1EDB5E2C27135F0000741EEF /* Build configuration list for PBXProject "BuildGraph" */ = {
			isa = XCConfigurationList;
			buildConfigurations = (
				1EDB5E5427135F0100741EEF /* Debug */,
				1EDB5E5527135F0100741EEF /* Release */,
			);
			defaultConfigurationIsVisible = 0;
			defaultConfigurationName = Release;
		};
		1EDB5E5627135F0100741EEF /* Build configuration list for PBXNativeTarget "BuildGraph" */ = {
			isa = XCConfigurationList;
			buildConfigurations = (
				1EDB5E5727135F0100741EEF /* Debug */,
				1EDB5E5827135F0100741EEF /* Release */,
			);
			defaultConfigurationIsVisible = 0;
			defaultConfigurationName = Release;
		};
		1EDB5E5927135F0100741EEF /* Build configuration list for PBXNativeTarget "BuildGraphTests" */ = {
			isa = XCConfigurationList;
			buildConfigurations = (
				1EDB5E5A27135F0100741EEF /* Debug */,
				1EDB5E5B27135F0100741EEF /* Release */,
			);
			defaultConfigurationIsVisible = 0;
			defaultConfigurationName = Release;
		};
		1EDB5E5C27135F0100741EEF /* Build configuration list for PBXNativeTarget "BuildGraphUITests" */ = {
			isa = XCConfigurationList;
			buildConfigurations = (
				1EDB5E5D27135F0100741EEF /* Debug */,
				1EDB5E5E27135F0100741EEF /* Release */,
			);
			defaultConfigurationIsVisible = 0;
			defaultConfigurationName = Release;
		};
/* End XCConfigurationList section */

/* Begin XCRemoteSwiftPackageReference section */
		1E1EAED827D4A36100D552F6 /* XCRemoteSwiftPackageReference "firebase-ios-sdk" */ = {
			isa = XCRemoteSwiftPackageReference;
			repositoryURL = "https://github.com/firebase/firebase-ios-sdk";
			requirement = {
				kind = upToNextMajorVersion;
				minimumVersion = 8.0.0;
			};
		};
/* End XCRemoteSwiftPackageReference section */

/* Begin XCSwiftPackageProductDependency section */
		1E16961727246EC5006D93CE /* GraphParser */ = {
			isa = XCSwiftPackageProductDependency;
			productName = GraphParser;
		};
		1E1EAED927D4A36100D552F6 /* FirebaseAnalytics */ = {
			isa = XCSwiftPackageProductDependency;
			package = 1E1EAED827D4A36100D552F6 /* XCRemoteSwiftPackageReference "firebase-ios-sdk" */;
			productName = FirebaseAnalytics;
		};
		1E1EAEDB27D4A36100D552F6 /* FirebaseCrashlytics */ = {
			isa = XCSwiftPackageProductDependency;
			package = 1E1EAED827D4A36100D552F6 /* XCRemoteSwiftPackageReference "firebase-ios-sdk" */;
			productName = FirebaseCrashlytics;
		};
		1E1EAEDD27D4A36100D552F6 /* FirebasePerformance */ = {
			isa = XCSwiftPackageProductDependency;
			package = 1E1EAED827D4A36100D552F6 /* XCRemoteSwiftPackageReference "firebase-ios-sdk" */;
			productName = FirebasePerformance;
		};
		1EDB5E6027135F1600741EEF /* BuildParser */ = {
			isa = XCSwiftPackageProductDependency;
			productName = BuildParser;
		};
/* End XCSwiftPackageProductDependency section */
	};
	rootObject = 1EDB5E2927135F0000741EEF /* Project object */;
}
